// !$*UTF8*$!
{
	archiveVersion = 1;
	classes = {
	};
	objectVersion = 77;
	objects = {

/* Begin PBXContainerItemProxy section */
		6DD9D4252E9B2FC100DA82C1 /* PBXContainerItemProxy */ = {
			isa = PBXContainerItemProxy;
			containerPortal = 6DD9D4062E9B2FC000DA82C1 /* Project object */;
			proxyType = 1;
			remoteGlobalIDString = 6DD9D40D2E9B2FC000DA82C1;
			remoteInfo = AssertYourself;
		};
		6DD9D42F2E9B2FC100DA82C1 /* PBXContainerItemProxy */ = {
			isa = PBXContainerItemProxy;
			containerPortal = 6DD9D4062E9B2FC000DA82C1 /* Project object */;
			proxyType = 1;
			remoteGlobalIDString = 6DD9D40D2E9B2FC000DA82C1;
			remoteInfo = AssertYourself;
		};
/* End PBXContainerItemProxy section */

/* Begin PBXFileReference section */
		6DD9D40E2E9B2FC000DA82C1 /* AssertYourself.app */ = {isa = PBXFileReference; explicitFileType = wrapper.application; includeInIndex = 0; path = AssertYourself.app; sourceTree = BUILT_PRODUCTS_DIR; };
		6DD9D4242E9B2FC100DA82C1 /* AssertYourselfTests.xctest */ = {isa = PBXFileReference; explicitFileType = wrapper.cfbundle; includeInIndex = 0; path = AssertYourselfTests.xctest; sourceTree = BUILT_PRODUCTS_DIR; };
		6DD9D42E2E9B2FC100DA82C1 /* AssertYourselfUITests.xctest */ = {isa = PBXFileReference; explicitFileType = wrapper.cfbundle; includeInIndex = 0; path = AssertYourselfUITests.xctest; sourceTree = BUILT_PRODUCTS_DIR; };
/* End PBXFileReference section */

/* Begin PBXFileSystemSynchronizedBuildFileExceptionSet section */
		6DD9D4362E9B2FC100DA82C1 /* Exceptions for "AssertYourself" folder in "AssertYourself" target */ = {
			isa = PBXFileSystemSynchronizedBuildFileExceptionSet;
			membershipExceptions = (
				Info.plist,
			);
			target = 6DD9D40D2E9B2FC000DA82C1 /* AssertYourself */;
		};
/* End PBXFileSystemSynchronizedBuildFileExceptionSet section */

/* Begin PBXFileSystemSynchronizedRootGroup section */
		6DD9D4102E9B2FC000DA82C1 /* AssertYourself */ = {
			isa = PBXFileSystemSynchronizedRootGroup;
			exceptions = (
				6DD9D4362E9B2FC100DA82C1 /* Exceptions for "AssertYourself" folder in "AssertYourself" target */,
			);
			path = AssertYourself;
			sourceTree = "<group>";
		};
		6DD9D4272E9B2FC100DA82C1 /* AssertYourselfTests */ = {
			isa = PBXFileSystemSynchronizedRootGroup;
			path = AssertYourselfTests;
			sourceTree = "<group>";
		};
		6DD9D4312E9B2FC100DA82C1 /* AssertYourselfUITests */ = {
			isa = PBXFileSystemSynchronizedRootGroup;
			path = AssertYourselfUITests;
			sourceTree = "<group>";
		};
/* End PBXFileSystemSynchronizedRootGroup section */

/* Begin PBXFrameworksBuildPhase section */
		6DD9D40B2E9B2FC000DA82C1 /* Frameworks */ = {
			isa = PBXFrameworksBuildPhase;
			buildActionMask = 2147483647;
			files = (
			);
			runOnlyForDeploymentPostprocessing = 0;
		};
		6DD9D4212E9B2FC100DA82C1 /* Frameworks */ = {
			isa = PBXFrameworksBuildPhase;
			buildActionMask = 2147483647;
			files = (
			);
			runOnlyForDeploymentPostprocessing = 0;
		};
		6DD9D42B2E9B2FC100DA82C1 /* Frameworks */ = {
			isa = PBXFrameworksBuildPhase;
			buildActionMask = 2147483647;
			files = (
			);
			runOnlyForDeploymentPostprocessing = 0;
		};
/* End PBXFrameworksBuildPhase section */

/* Begin PBXGroup section */
		6DD9D4052E9B2FC000DA82C1 = {
			isa = PBXGroup;
			children = (
				6DD9D4102E9B2FC000DA82C1 /* AssertYourself */,
				6DD9D4272E9B2FC100DA82C1 /* AssertYourselfTests */,
				6DD9D4312E9B2FC100DA82C1 /* AssertYourselfUITests */,
				6DD9D40F2E9B2FC000DA82C1 /* Products */,
			);
			sourceTree = "<group>";
		};
		6DD9D40F2E9B2FC000DA82C1 /* Products */ = {
			isa = PBXGroup;
			children = (
				6DD9D40E2E9B2FC000DA82C1 /* AssertYourself.app */,
				6DD9D4242E9B2FC100DA82C1 /* AssertYourselfTests.xctest */,
				6DD9D42E2E9B2FC100DA82C1 /* AssertYourselfUITests.xctest */,
			);
			name = Products;
			sourceTree = "<group>";
		};
/* End PBXGroup section */

/* Begin PBXNativeTarget section */
		6DD9D40D2E9B2FC000DA82C1 /* AssertYourself */ = {
			isa = PBXNativeTarget;
			buildConfigurationList = 6DD9D4372E9B2FC100DA82C1 /* Build configuration list for PBXNativeTarget "AssertYourself" */;
			buildPhases = (
				6DD9D40A2E9B2FC000DA82C1 /* Sources */,
				6DD9D40B2E9B2FC000DA82C1 /* Frameworks */,
				6DD9D40C2E9B2FC000DA82C1 /* Resources */,
			);
			buildRules = (
			);
			dependencies = (
			);
			fileSystemSynchronizedGroups = (
				6DD9D4102E9B2FC000DA82C1 /* AssertYourself */,
			);
			name = AssertYourself;
			packageProductDependencies = (
			);
			productName = AssertYourself;
			productReference = 6DD9D40E2E9B2FC000DA82C1 /* AssertYourself.app */;
			productType = "com.apple.product-type.application";
		};
		6DD9D4232E9B2FC100DA82C1 /* AssertYourselfTests */ = {
			isa = PBXNativeTarget;
			buildConfigurationList = 6DD9D43C2E9B2FC100DA82C1 /* Build configuration list for PBXNativeTarget "AssertYourselfTests" */;
			buildPhases = (
				6DD9D4202E9B2FC100DA82C1 /* Sources */,
				6DD9D4212E9B2FC100DA82C1 /* Frameworks */,
				6DD9D4222E9B2FC100DA82C1 /* Resources */,
			);
			buildRules = (
			);
			dependencies = (
				6DD9D4262E9B2FC100DA82C1 /* PBXTargetDependency */,
			);
			fileSystemSynchronizedGroups = (
				6DD9D4272E9B2FC100DA82C1 /* AssertYourselfTests */,
			);
			name = AssertYourselfTests;
			packageProductDependencies = (
			);
			productName = AssertYourselfTests;
			productReference = 6DD9D4242E9B2FC100DA82C1 /* AssertYourselfTests.xctest */;
			productType = "com.apple.product-type.bundle.unit-test";
		};
		6DD9D42D2E9B2FC100DA82C1 /* AssertYourselfUITests */ = {
			isa = PBXNativeTarget;
			buildConfigurationList = 6DD9D43F2E9B2FC100DA82C1 /* Build configuration list for PBXNativeTarget "AssertYourselfUITests" */;
			buildPhases = (
				6DD9D42A2E9B2FC100DA82C1 /* Sources */,
				6DD9D42B2E9B2FC100DA82C1 /* Frameworks */,
				6DD9D42C2E9B2FC100DA82C1 /* Resources */,
			);
			buildRules = (
			);
			dependencies = (
				6DD9D4302E9B2FC100DA82C1 /* PBXTargetDependency */,
			);
			fileSystemSynchronizedGroups = (
				6DD9D4312E9B2FC100DA82C1 /* AssertYourselfUITests */,
			);
			name = AssertYourselfUITests;
			packageProductDependencies = (
			);
			productName = AssertYourselfUITests;
			productReference = 6DD9D42E2E9B2FC100DA82C1 /* AssertYourselfUITests.xctest */;
			productType = "com.apple.product-type.bundle.ui-testing";
		};
/* End PBXNativeTarget section */

/* Begin PBXProject section */
		6DD9D4062E9B2FC000DA82C1 /* Project object */ = {
			isa = PBXProject;
			attributes = {
				BuildIndependentTargetsInParallel = 1;
				LastSwiftUpdateCheck = 2600;
				LastUpgradeCheck = 2600;
				TargetAttributes = {
					6DD9D40D2E9B2FC000DA82C1 = {
						CreatedOnToolsVersion = 26.0.1;
					};
					6DD9D4232E9B2FC100DA82C1 = {
						CreatedOnToolsVersion = 26.0.1;
						TestTargetID = 6DD9D40D2E9B2FC000DA82C1;
					};
					6DD9D42D2E9B2FC100DA82C1 = {
						CreatedOnToolsVersion = 26.0.1;
						TestTargetID = 6DD9D40D2E9B2FC000DA82C1;
					};
				};
			};
			buildConfigurationList = 6DD9D4092E9B2FC000DA82C1 /* Build configuration list for PBXProject "AssertYourself" */;
			developmentRegion = en;
			hasScannedForEncodings = 0;
			knownRegions = (
				en,
				Base,
			);
			mainGroup = 6DD9D4052E9B2FC000DA82C1;
			minimizedProjectReferenceProxies = 1;
			preferredProjectObjectVersion = 77;
			productRefGroup = 6DD9D40F2E9B2FC000DA82C1 /* Products */;
			projectDirPath = "";
			projectRoot = "";
			targets = (
				6DD9D40D2E9B2FC000DA82C1 /* AssertYourself */,
				6DD9D4232E9B2FC100DA82C1 /* AssertYourselfTests */,
				6DD9D42D2E9B2FC100DA82C1 /* AssertYourselfUITests */,
			);
		};
/* End PBXProject section */

/* Begin PBXResourcesBuildPhase section */
		6DD9D40C2E9B2FC000DA82C1 /* Resources */ = {
			isa = PBXResourcesBuildPhase;
			buildActionMask = 2147483647;
			files = (
			);
			runOnlyForDeploymentPostprocessing = 0;
		};
		6DD9D4222E9B2FC100DA82C1 /* Resources */ = {
			isa = PBXResourcesBuildPhase;
			buildActionMask = 2147483647;
			files = (
			);
			runOnlyForDeploymentPostprocessing = 0;
		};
		6DD9D42C2E9B2FC100DA82C1 /* Resources */ = {
			isa = PBXResourcesBuildPhase;
			buildActionMask = 2147483647;
			files = (
			);
			runOnlyForDeploymentPostprocessing = 0;
		};
/* End PBXResourcesBuildPhase section */

/* Begin PBXSourcesBuildPhase section */
		6DD9D40A2E9B2FC000DA82C1 /* Sources */ = {
			isa = PBXSourcesBuildPhase;
			buildActionMask = 2147483647;
			files = (
			);
			runOnlyForDeploymentPostprocessing = 0;
		};
		6DD9D4202E9B2FC100DA82C1 /* Sources */ = {
			isa = PBXSourcesBuildPhase;
			buildActionMask = 2147483647;
			files = (
			);
			runOnlyForDeploymentPostprocessing = 0;
		};
		6DD9D42A2E9B2FC100DA82C1 /* Sources */ = {
			isa = PBXSourcesBuildPhase;
			buildActionMask = 2147483647;
			files = (
			);
			runOnlyForDeploymentPostprocessing = 0;
		};
/* End PBXSourcesBuildPhase section */

/* Begin PBXTargetDependency section */
		6DD9D4262E9B2FC100DA82C1 /* PBXTargetDependency */ = {
			isa = PBXTargetDependency;
			target = 6DD9D40D2E9B2FC000DA82C1 /* AssertYourself */;
			targetProxy = 6DD9D4252E9B2FC100DA82C1 /* PBXContainerItemProxy */;
		};
		6DD9D4302E9B2FC100DA82C1 /* PBXTargetDependency */ = {
			isa = PBXTargetDependency;
			target = 6DD9D40D2E9B2FC000DA82C1 /* AssertYourself */;
			targetProxy = 6DD9D42F2E9B2FC100DA82C1 /* PBXContainerItemProxy */;
		};
/* End PBXTargetDependency section */

/* Begin XCBuildConfiguration section */
		6DD9D4382E9B2FC100DA82C1 /* Debug */ = {
			isa = XCBuildConfiguration;
			buildSettings = {
				ASSETCATALOG_COMPILER_APPICON_NAME = AppIcon;
				ASSETCATALOG_COMPILER_GLOBAL_ACCENT_COLOR_NAME = AccentColor;
				CODE_SIGN_STYLE = Automatic;
				CURRENT_PROJECT_VERSION = 1;
				DEVELOPMENT_TEAM = 2SA3MG4CCA;
				GENERATE_INFOPLIST_FILE = YES;
				INFOPLIST_FILE = AssertYourself/Info.plist;
				INFOPLIST_KEY_UIApplicationSupportsIndirectInputEvents = YES;
				INFOPLIST_KEY_UILaunchStoryboardName = LaunchScreen;
				INFOPLIST_KEY_UIMainStoryboardFile = Main;
				INFOPLIST_KEY_UISupportedInterfaceOrientations_iPad = "UIInterfaceOrientationPortrait UIInterfaceOrientationPortraitUpsideDown UIInterfaceOrientationLandscapeLeft UIInterfaceOrientationLandscapeRight";
				INFOPLIST_KEY_UISupportedInterfaceOrientations_iPhone = "UIInterfaceOrientationPortrait UIInterfaceOrientationLandscapeLeft UIInterfaceOrientationLandscapeRight";
				LD_RUNPATH_SEARCH_PATHS = (
					"$(inherited)",
					"@executable_path/Frameworks",
				);
				MARKETING_VERSION = 1.0;
				PRODUCT_BUNDLE_IDENTIFIER = com.attallah.AssertYourself;
				PRODUCT_NAME = "$(TARGET_NAME)";
				STRING_CATALOG_GENERATE_SYMBOLS = YES;
				SWIFT_APPROACHABLE_CONCURRENCY = YES;
				SWIFT_DEFAULT_ACTOR_ISOLATION = MainActor;
				SWIFT_EMIT_LOC_STRINGS = YES;
				SWIFT_UPCOMING_FEATURE_MEMBER_IMPORT_VISIBILITY = YES;
				SWIFT_VERSION = 5.0;
				TARGETED_DEVICE_FAMILY = "1,2";
			};
			name = Debug;
		};
		6DD9D4392E9B2FC100DA82C1 /* Release */ = {
			isa = XCBuildConfiguration;
			buildSettings = {
				ASSETCATALOG_COMPILER_APPICON_NAME = AppIcon;
				ASSETCATALOG_COMPILER_GLOBAL_ACCENT_COLOR_NAME = AccentColor;
				CODE_SIGN_STYLE = Automatic;
				CURRENT_PROJECT_VERSION = 1;
				DEVELOPMENT_TEAM = 2SA3MG4CCA;
				GENERATE_INFOPLIST_FILE = YES;
				INFOPLIST_FILE = AssertYourself/Info.plist;
				INFOPLIST_KEY_UIApplicationSupportsIndirectInputEvents = YES;
				INFOPLIST_KEY_UILaunchStoryboardName = LaunchScreen;
				INFOPLIST_KEY_UIMainStoryboardFile = Main;
				INFOPLIST_KEY_UISupportedInterfaceOrientations_iPad = "UIInterfaceOrientationPortrait UIInterfaceOrientationPortraitUpsideDown UIInterfaceOrientationLandscapeLeft UIInterfaceOrientationLandscapeRight";
				INFOPLIST_KEY_UISupportedInterfaceOrientations_iPhone = "UIInterfaceOrientationPortrait UIInterfaceOrientationLandscapeLeft UIInterfaceOrientationLandscapeRight";
				LD_RUNPATH_SEARCH_PATHS = (
					"$(inherited)",
					"@executable_path/Frameworks",
				);
				MARKETING_VERSION = 1.0;
				PRODUCT_BUNDLE_IDENTIFIER = com.attallah.AssertYourself;
				PRODUCT_NAME = "$(TARGET_NAME)";
				STRING_CATALOG_GENERATE_SYMBOLS = YES;
				SWIFT_APPROACHABLE_CONCURRENCY = YES;
				SWIFT_DEFAULT_ACTOR_ISOLATION = MainActor;
				SWIFT_EMIT_LOC_STRINGS = YES;
				SWIFT_UPCOMING_FEATURE_MEMBER_IMPORT_VISIBILITY = YES;
				SWIFT_VERSION = 5.0;
				TARGETED_DEVICE_FAMILY = "1,2";
			};
			name = Release;
		};
		6DD9D43A2E9B2FC100DA82C1 /* Debug */ = {
			isa = XCBuildConfiguration;
			buildSettings = {
				ALWAYS_SEARCH_USER_PATHS = NO;
				ASSETCATALOG_COMPILER_GENERATE_SWIFT_ASSET_SYMBOL_EXTENSIONS = YES;
				CLANG_ANALYZER_NONNULL = YES;
				CLANG_ANALYZER_NUMBER_OBJECT_CONVERSION = YES_AGGRESSIVE;
				CLANG_CXX_LANGUAGE_STANDARD = "gnu++20";
				CLANG_ENABLE_MODULES = YES;
				CLANG_ENABLE_OBJC_ARC = YES;
				CLANG_ENABLE_OBJC_WEAK = YES;
				CLANG_WARN_BLOCK_CAPTURE_AUTORELEASING = YES;
				CLANG_WARN_BOOL_CONVERSION = YES;
				CLANG_WARN_COMMA = YES;
				CLANG_WARN_CONSTANT_CONVERSION = YES;
				CLANG_WARN_DEPRECATED_OBJC_IMPLEMENTATIONS = YES;
				CLANG_WARN_DIRECT_OBJC_ISA_USAGE = YES_ERROR;
				CLANG_WARN_DOCUMENTATION_COMMENTS = YES;
				CLANG_WARN_EMPTY_BODY = YES;
				CLANG_WARN_ENUM_CONVERSION = YES;
				CLANG_WARN_INFINITE_RECURSION = YES;
				CLANG_WARN_INT_CONVERSION = YES;
				CLANG_WARN_NON_LITERAL_NULL_CONVERSION = YES;
				CLANG_WARN_OBJC_IMPLICIT_RETAIN_SELF = YES;
				CLANG_WARN_OBJC_LITERAL_CONVERSION = YES;
				CLANG_WARN_OBJC_ROOT_CLASS = YES_ERROR;
				CLANG_WARN_QUOTED_INCLUDE_IN_FRAMEWORK_HEADER = YES;
				CLANG_WARN_RANGE_LOOP_ANALYSIS = YES;
				CLANG_WARN_STRICT_PROTOTYPES = YES;
				CLANG_WARN_SUSPICIOUS_MOVE = YES;
				CLANG_WARN_UNGUARDED_AVAILABILITY = YES_AGGRESSIVE;
				CLANG_WARN_UNREACHABLE_CODE = YES;
				CLANG_WARN__DUPLICATE_METHOD_MATCH = YES;
				COPY_PHASE_STRIP = NO;
				DEBUG_INFORMATION_FORMAT = dwarf;
				DEVELOPMENT_TEAM = 2SA3MG4CCA;
				ENABLE_STRICT_OBJC_MSGSEND = YES;
				ENABLE_TESTABILITY = YES;
				ENABLE_USER_SCRIPT_SANDBOXING = YES;
				GCC_C_LANGUAGE_STANDARD = gnu17;
				GCC_DYNAMIC_NO_PIC = NO;
				GCC_NO_COMMON_BLOCKS = YES;
				GCC_OPTIMIZATION_LEVEL = 0;
				GCC_PREPROCESSOR_DEFINITIONS = (
					"DEBUG=1",
					"$(inherited)",
				);
				GCC_WARN_64_TO_32_BIT_CONVERSION = YES;
				GCC_WARN_ABOUT_RETURN_TYPE = YES_ERROR;
				GCC_WARN_UNDECLARED_SELECTOR = YES;
				GCC_WARN_UNINITIALIZED_AUTOS = YES_AGGRESSIVE;
				GCC_WARN_UNUSED_FUNCTION = YES;
				GCC_WARN_UNUSED_VARIABLE = YES;
				IPHONEOS_DEPLOYMENT_TARGET = 26.0;
				LOCALIZATION_PREFERS_STRING_CATALOGS = YES;
				MTL_ENABLE_DEBUG_INFO = INCLUDE_SOURCE;
				MTL_FAST_MATH = YES;
				ONLY_ACTIVE_ARCH = YES;
				SDKROOT = iphoneos;
				SWIFT_ACTIVE_COMPILATION_CONDITIONS = "DEBUG $(inherited)";
				SWIFT_OPTIMIZATION_LEVEL = "-Onone";
			};
			name = Debug;
		};
		6DD9D43B2E9B2FC100DA82C1 /* Release */ = {
			isa = XCBuildConfiguration;
			buildSettings = {
				ALWAYS_SEARCH_USER_PATHS = NO;
				ASSETCATALOG_COMPILER_GENERATE_SWIFT_ASSET_SYMBOL_EXTENSIONS = YES;
				CLANG_ANALYZER_NONNULL = YES;
				CLANG_ANALYZER_NUMBER_OBJECT_CONVERSION = YES_AGGRESSIVE;
				CLANG_CXX_LANGUAGE_STANDARD = "gnu++20";
				CLANG_ENABLE_MODULES = YES;
				CLANG_ENABLE_OBJC_ARC = YES;
				CLANG_ENABLE_OBJC_WEAK = YES;
				CLANG_WARN_BLOCK_CAPTURE_AUTORELEASING = YES;
				CLANG_WARN_BOOL_CONVERSION = YES;
				CLANG_WARN_COMMA = YES;
				CLANG_WARN_CONSTANT_CONVERSION = YES;
				CLANG_WARN_DEPRECATED_OBJC_IMPLEMENTATIONS = YES;
				CLANG_WARN_DIRECT_OBJC_ISA_USAGE = YES_ERROR;
				CLANG_WARN_DOCUMENTATION_COMMENTS = YES;
				CLANG_WARN_EMPTY_BODY = YES;
				CLANG_WARN_ENUM_CONVERSION = YES;
				CLANG_WARN_INFINITE_RECURSION = YES;
				CLANG_WARN_INT_CONVERSION = YES;
				CLANG_WARN_NON_LITERAL_NULL_CONVERSION = YES;
				CLANG_WARN_OBJC_IMPLICIT_RETAIN_SELF = YES;
				CLANG_WARN_OBJC_LITERAL_CONVERSION = YES;
				CLANG_WARN_OBJC_ROOT_CLASS = YES_ERROR;
				CLANG_WARN_QUOTED_INCLUDE_IN_FRAMEWORK_HEADER = YES;
				CLANG_WARN_RANGE_LOOP_ANALYSIS = YES;
				CLANG_WARN_STRICT_PROTOTYPES = YES;
				CLANG_WARN_SUSPICIOUS_MOVE = YES;
				CLANG_WARN_UNGUARDED_AVAILABILITY = YES_AGGRESSIVE;
				CLANG_WARN_UNREACHABLE_CODE = YES;
				CLANG_WARN__DUPLICATE_METHOD_MATCH = YES;
				COPY_PHASE_STRIP = NO;
				DEBUG_INFORMATION_FORMAT = "dwarf-with-dsym";
				DEVELOPMENT_TEAM = 2SA3MG4CCA;
				ENABLE_NS_ASSERTIONS = NO;
				ENABLE_STRICT_OBJC_MSGSEND = YES;
				ENABLE_USER_SCRIPT_SANDBOXING = YES;
				GCC_C_LANGUAGE_STANDARD = gnu17;
				GCC_NO_COMMON_BLOCKS = YES;
				GCC_WARN_64_TO_32_BIT_CONVERSION = YES;
				GCC_WARN_ABOUT_RETURN_TYPE = YES_ERROR;
				GCC_WARN_UNDECLARED_SELECTOR = YES;
				GCC_WARN_UNINITIALIZED_AUTOS = YES_AGGRESSIVE;
				GCC_WARN_UNUSED_FUNCTION = YES;
				GCC_WARN_UNUSED_VARIABLE = YES;
				IPHONEOS_DEPLOYMENT_TARGET = 26.0;
				LOCALIZATION_PREFERS_STRING_CATALOGS = YES;
				MTL_ENABLE_DEBUG_INFO = NO;
				MTL_FAST_MATH = YES;
				SDKROOT = iphoneos;
				SWIFT_COMPILATION_MODE = wholemodule;
				VALIDATE_PRODUCT = YES;
			};
			name = Release;
		};
		6DD9D43D2E9B2FC100DA82C1 /* Debug */ = {
			isa = XCBuildConfiguration;
			buildSettings = {
				BUNDLE_LOADER = "$(TEST_HOST)";
				CODE_SIGN_STYLE = Automatic;
				CURRENT_PROJECT_VERSION = 1;
				DEVELOPMENT_TEAM = 2SA3MG4CCA;
				GENERATE_INFOPLIST_FILE = YES;
				IPHONEOS_DEPLOYMENT_TARGET = 26.0;
				MARKETING_VERSION = 1.0;
				PRODUCT_BUNDLE_IDENTIFIER = com.attallah.AssertYourselfTests;
				PRODUCT_NAME = "$(TARGET_NAME)";
				STRING_CATALOG_GENERATE_SYMBOLS = NO;
				SWIFT_APPROACHABLE_CONCURRENCY = YES;
				SWIFT_EMIT_LOC_STRINGS = NO;
				SWIFT_UPCOMING_FEATURE_MEMBER_IMPORT_VISIBILITY = YES;
				SWIFT_VERSION = 5.0;
				TARGETED_DEVICE_FAMILY = "1,2";
				TEST_HOST = "$(BUILT_PRODUCTS_DIR)/AssertYourself.app/$(BUNDLE_EXECUTABLE_FOLDER_PATH)/AssertYourself";
			};
			name = Debug;
		};
		6DD9D43E2E9B2FC100DA82C1 /* Release */ = {
			isa = XCBuildConfiguration;
			buildSettings = {
				BUNDLE_LOADER = "$(TEST_HOST)";
				CODE_SIGN_STYLE = Automatic;
				CURRENT_PROJECT_VERSION = 1;
				DEVELOPMENT_TEAM = 2SA3MG4CCA;
				GENERATE_INFOPLIST_FILE = YES;
				IPHONEOS_DEPLOYMENT_TARGET = 26.0;
				MARKETING_VERSION = 1.0;
				PRODUCT_BUNDLE_IDENTIFIER = com.attallah.AssertYourselfTests;
				PRODUCT_NAME = "$(TARGET_NAME)";
				STRING_CATALOG_GENERATE_SYMBOLS = NO;
				SWIFT_APPROACHABLE_CONCURRENCY = YES;
				SWIFT_EMIT_LOC_STRINGS = NO;
				SWIFT_UPCOMING_FEATURE_MEMBER_IMPORT_VISIBILITY = YES;
				SWIFT_VERSION = 5.0;
				TARGETED_DEVICE_FAMILY = "1,2";
				TEST_HOST = "$(BUILT_PRODUCTS_DIR)/AssertYourself.app/$(BUNDLE_EXECUTABLE_FOLDER_PATH)/AssertYourself";
			};
			name = Release;
		};
		6DD9D4402E9B2FC100DA82C1 /* Debug */ = {
			isa = XCBuildConfiguration;
			buildSettings = {
				CODE_SIGN_STYLE = Automatic;
				CURRENT_PROJECT_VERSION = 1;
				DEVELOPMENT_TEAM = 2SA3MG4CCA;
				GENERATE_INFOPLIST_FILE = YES;
				MARKETING_VERSION = 1.0;
				PRODUCT_BUNDLE_IDENTIFIER = com.attallah.AssertYourselfUITests;
				PRODUCT_NAME = "$(TARGET_NAME)";
				STRING_CATALOG_GENERATE_SYMBOLS = NO;
				SWIFT_APPROACHABLE_CONCURRENCY = YES;
				SWIFT_EMIT_LOC_STRINGS = NO;
				SWIFT_UPCOMING_FEATURE_MEMBER_IMPORT_VISIBILITY = YES;
				SWIFT_VERSION = 5.0;
				TARGETED_DEVICE_FAMILY = "1,2";
				TEST_TARGET_NAME = AssertYourself;
			};
			name = Debug;
		};
		6DD9D4412E9B2FC100DA82C1 /* Release */ = {
			isa = XCBuildConfiguration;
			buildSettings = {
				CODE_SIGN_STYLE = Automatic;
				CURRENT_PROJECT_VERSION = 1;
				DEVELOPMENT_TEAM = 2SA3MG4CCA;
				GENERATE_INFOPLIST_FILE = YES;
				MARKETING_VERSION = 1.0;
				PRODUCT_BUNDLE_IDENTIFIER = com.attallah.AssertYourselfUITests;
				PRODUCT_NAME = "$(TARGET_NAME)";
				STRING_CATALOG_GENERATE_SYMBOLS = NO;
				SWIFT_APPROACHABLE_CONCURRENCY = YES;
				SWIFT_EMIT_LOC_STRINGS = NO;
				SWIFT_UPCOMING_FEATURE_MEMBER_IMPORT_VISIBILITY = YES;
				SWIFT_VERSION = 5.0;
				TARGETED_DEVICE_FAMILY = "1,2";
				TEST_TARGET_NAME = AssertYourself;
			};
			name = Release;
		};
/* End XCBuildConfiguration section */

/* Begin XCConfigurationList section */
		6DD9D4092E9B2FC000DA82C1 /* Build configuration list for PBXProject "AssertYourself" */ = {
			isa = XCConfigurationList;
			buildConfigurations = (
				6DD9D43A2E9B2FC100DA82C1 /* Debug */,
				6DD9D43B2E9B2FC100DA82C1 /* Release */,
			);
			defaultConfigurationIsVisible = 0;
			defaultConfigurationName = Release;
		};
		6DD9D4372E9B2FC100DA82C1 /* Build configuration list for PBXNativeTarget "AssertYourself" */ = {
			isa = XCConfigurationList;
			buildConfigurations = (
				6DD9D4382E9B2FC100DA82C1 /* Debug */,
				6DD9D4392E9B2FC100DA82C1 /* Release */,
			);
			defaultConfigurationIsVisible = 0;
			defaultConfigurationName = Release;
		};
		6DD9D43C2E9B2FC100DA82C1 /* Build configuration list for PBXNativeTarget "AssertYourselfTests" */ = {
			isa = XCConfigurationList;
			buildConfigurations = (
				6DD9D43D2E9B2FC100DA82C1 /* Debug */,
				6DD9D43E2E9B2FC100DA82C1 /* Release */,
			);
			defaultConfigurationIsVisible = 0;
			defaultConfigurationName = Release;
		};
		6DD9D43F2E9B2FC100DA82C1 /* Build configuration list for PBXNativeTarget "AssertYourselfUITests" */ = {
			isa = XCConfigurationList;
			buildConfigurations = (
				6DD9D4402E9B2FC100DA82C1 /* Debug */,
				6DD9D4412E9B2FC100DA82C1 /* Release */,
			);
			defaultConfigurationIsVisible = 0;
			defaultConfigurationName = Release;
		};
/* End XCConfigurationList section */
	};
	rootObject = 6DD9D4062E9B2FC000DA82C1 /* Project object */;
}
