// !$*UTF8*$!
{
	archiveVersion = 1;
	classes = {
	};
	objectVersion = 77;
	objects = {

/* Begin PBXContainerItemProxy section */
		6DCB63192E9DA538006D0B62 /* PBXContainerItemProxy */ = {
			isa = PBXContainerItemProxy;
			containerPortal = 6DCB62FA2E9DA538006D0B62 /* Project object */;
			proxyType = 1;
			remoteGlobalIDString = 6DCB63012E9DA538006D0B62;
			remoteInfo = CodeCoverage;
		};
		6DCB63232E9DA538006D0B62 /* PBXContainerItemProxy */ = {
			isa = PBXContainerItemProxy;
			containerPortal = 6DCB62FA2E9DA538006D0B62 /* Project object */;
			proxyType = 1;
			remoteGlobalIDString = 6DCB63012E9DA538006D0B62;
			remoteInfo = CodeCoverage;
		};
/* End PBXContainerItemProxy section */

/* Begin PBXFileReference section */
		6DCB63022E9DA538006D0B62 /* CodeCoverage.app */ = {isa = PBXFileReference; explicitFileType = wrapper.application; includeInIndex = 0; path = CodeCoverage.app; sourceTree = BUILT_PRODUCTS_DIR; };
		6DCB63182E9DA538006D0B62 /* CodeCoverageTests.xctest */ = {isa = PBXFileReference; explicitFileType = wrapper.cfbundle; includeInIndex = 0; path = CodeCoverageTests.xctest; sourceTree = BUILT_PRODUCTS_DIR; };
		6DCB63222E9DA538006D0B62 /* CodeCoverageUITests.xctest */ = {isa = PBXFileReference; explicitFileType = wrapper.cfbundle; includeInIndex = 0; path = CodeCoverageUITests.xctest; sourceTree = BUILT_PRODUCTS_DIR; };
/* End PBXFileReference section */

/* Begin PBXFileSystemSynchronizedBuildFileExceptionSet section */
		6DCB632A2E9DA538006D0B62 /* Exceptions for "CodeCoverage" folder in "CodeCoverage" target */ = {
			isa = PBXFileSystemSynchronizedBuildFileExceptionSet;
			membershipExceptions = (
				Info.plist,
			);
			target = 6DCB63012E9DA538006D0B62 /* CodeCoverage */;
		};
/* End PBXFileSystemSynchronizedBuildFileExceptionSet section */

/* Begin PBXFileSystemSynchronizedRootGroup section */
		6DCB63042E9DA538006D0B62 /* CodeCoverage */ = {
			isa = PBXFileSystemSynchronizedRootGroup;
			exceptions = (
				6DCB632A2E9DA538006D0B62 /* Exceptions for "CodeCoverage" folder in "CodeCoverage" target */,
			);
			path = CodeCoverage;
			sourceTree = "<group>";
		};
		6DCB631B2E9DA538006D0B62 /* CodeCoverageTests */ = {
			isa = PBXFileSystemSynchronizedRootGroup;
			path = CodeCoverageTests;
			sourceTree = "<group>";
		};
		6DCB63252E9DA538006D0B62 /* CodeCoverageUITests */ = {
			isa = PBXFileSystemSynchronizedRootGroup;
			path = CodeCoverageUITests;
			sourceTree = "<group>";
		};
/* End PBXFileSystemSynchronizedRootGroup section */

/* Begin PBXFrameworksBuildPhase section */
		6DCB62FF2E9DA538006D0B62 /* Frameworks */ = {
			isa = PBXFrameworksBuildPhase;
			buildActionMask = 2147483647;
			files = (
			);
			runOnlyForDeploymentPostprocessing = 0;
		};
		6DCB63152E9DA538006D0B62 /* Frameworks */ = {
			isa = PBXFrameworksBuildPhase;
			buildActionMask = 2147483647;
			files = (
			);
			runOnlyForDeploymentPostprocessing = 0;
		};
		6DCB631F2E9DA538006D0B62 /* Frameworks */ = {
			isa = PBXFrameworksBuildPhase;
			buildActionMask = 2147483647;
			files = (
			);
			runOnlyForDeploymentPostprocessing = 0;
		};
/* End PBXFrameworksBuildPhase section */

/* Begin PBXGroup section */
		6DCB62F92E9DA538006D0B62 = {
			isa = PBXGroup;
			children = (
				6DCB63042E9DA538006D0B62 /* CodeCoverage */,
				6DCB631B2E9DA538006D0B62 /* CodeCoverageTests */,
				6DCB63252E9DA538006D0B62 /* CodeCoverageUITests */,
				6DCB63032E9DA538006D0B62 /* Products */,
			);
			sourceTree = "<group>";
		};
		6DCB63032E9DA538006D0B62 /* Products */ = {
			isa = PBXGroup;
			children = (
				6DCB63022E9DA538006D0B62 /* CodeCoverage.app */,
				6DCB63182E9DA538006D0B62 /* CodeCoverageTests.xctest */,
				6DCB63222E9DA538006D0B62 /* CodeCoverageUITests.xctest */,
			);
			name = Products;
			sourceTree = "<group>";
		};
/* End PBXGroup section */

/* Begin PBXNativeTarget section */
		6DCB63012E9DA538006D0B62 /* CodeCoverage */ = {
			isa = PBXNativeTarget;
			buildConfigurationList = 6DCB632B2E9DA538006D0B62 /* Build configuration list for PBXNativeTarget "CodeCoverage" */;
			buildPhases = (
				6DCB62FE2E9DA538006D0B62 /* Sources */,
				6DCB62FF2E9DA538006D0B62 /* Frameworks */,
				6DCB63002E9DA538006D0B62 /* Resources */,
			);
			buildRules = (
			);
			dependencies = (
			);
			fileSystemSynchronizedGroups = (
				6DCB63042E9DA538006D0B62 /* CodeCoverage */,
			);
			name = CodeCoverage;
			packageProductDependencies = (
			);
			productName = CodeCoverage;
			productReference = 6DCB63022E9DA538006D0B62 /* CodeCoverage.app */;
			productType = "com.apple.product-type.application";
		};
		6DCB63172E9DA538006D0B62 /* CodeCoverageTests */ = {
			isa = PBXNativeTarget;
			buildConfigurationList = 6DCB63302E9DA538006D0B62 /* Build configuration list for PBXNativeTarget "CodeCoverageTests" */;
			buildPhases = (
				6DCB63142E9DA538006D0B62 /* Sources */,
				6DCB63152E9DA538006D0B62 /* Frameworks */,
				6DCB63162E9DA538006D0B62 /* Resources */,
			);
			buildRules = (
			);
			dependencies = (
				6DCB631A2E9DA538006D0B62 /* PBXTargetDependency */,
			);
			fileSystemSynchronizedGroups = (
				6DCB631B2E9DA538006D0B62 /* CodeCoverageTests */,
			);
			name = CodeCoverageTests;
			packageProductDependencies = (
			);
			productName = CodeCoverageTests;
			productReference = 6DCB63182E9DA538006D0B62 /* CodeCoverageTests.xctest */;
			productType = "com.apple.product-type.bundle.unit-test";
		};
		6DCB63212E9DA538006D0B62 /* CodeCoverageUITests */ = {
			isa = PBXNativeTarget;
			buildConfigurationList = 6DCB63332E9DA538006D0B62 /* Build configuration list for PBXNativeTarget "CodeCoverageUITests" */;
			buildPhases = (
				6DCB631E2E9DA538006D0B62 /* Sources */,
				6DCB631F2E9DA538006D0B62 /* Frameworks */,
				6DCB63202E9DA538006D0B62 /* Resources */,
			);
			buildRules = (
			);
			dependencies = (
				6DCB63242E9DA538006D0B62 /* PBXTargetDependency */,
			);
			fileSystemSynchronizedGroups = (
				6DCB63252E9DA538006D0B62 /* CodeCoverageUITests */,
			);
			name = CodeCoverageUITests;
			packageProductDependencies = (
			);
			productName = CodeCoverageUITests;
			productReference = 6DCB63222E9DA538006D0B62 /* CodeCoverageUITests.xctest */;
			productType = "com.apple.product-type.bundle.ui-testing";
		};
/* End PBXNativeTarget section */

/* Begin PBXProject section */
		6DCB62FA2E9DA538006D0B62 /* Project object */ = {
			isa = PBXProject;
			attributes = {
				BuildIndependentTargetsInParallel = 1;
				LastSwiftUpdateCheck = 2600;
				LastUpgradeCheck = 2600;
				TargetAttributes = {
					6DCB63012E9DA538006D0B62 = {
						CreatedOnToolsVersion = 26.0.1;
					};
					6DCB63172E9DA538006D0B62 = {
						CreatedOnToolsVersion = 26.0.1;
						LastSwiftMigration = 2600;
						TestTargetID = 6DCB63012E9DA538006D0B62;
					};
					6DCB63212E9DA538006D0B62 = {
						CreatedOnToolsVersion = 26.0.1;
						TestTargetID = 6DCB63012E9DA538006D0B62;
					};
				};
			};
			buildConfigurationList = 6DCB62FD2E9DA538006D0B62 /* Build configuration list for PBXProject "CodeCoverage" */;
			developmentRegion = en;
			hasScannedForEncodings = 0;
			knownRegions = (
				en,
				Base,
			);
			mainGroup = 6DCB62F92E9DA538006D0B62;
			minimizedProjectReferenceProxies = 1;
			preferredProjectObjectVersion = 77;
			productRefGroup = 6DCB63032E9DA538006D0B62 /* Products */;
			projectDirPath = "";
			projectRoot = "";
			targets = (
				6DCB63012E9DA538006D0B62 /* CodeCoverage */,
				6DCB63172E9DA538006D0B62 /* CodeCoverageTests */,
				6DCB63212E9DA538006D0B62 /* CodeCoverageUITests */,
			);
		};
/* End PBXProject section */

/* Begin PBXResourcesBuildPhase section */
		6DCB63002E9DA538006D0B62 /* Resources */ = {
			isa = PBXResourcesBuildPhase;
			buildActionMask = 2147483647;
			files = (
			);
			runOnlyForDeploymentPostprocessing = 0;
		};
		6DCB63162E9DA538006D0B62 /* Resources */ = {
			isa = PBXResourcesBuildPhase;
			buildActionMask = 2147483647;
			files = (
			);
			runOnlyForDeploymentPostprocessing = 0;
		};
		6DCB63202E9DA538006D0B62 /* Resources */ = {
			isa = PBXResourcesBuildPhase;
			buildActionMask = 2147483647;
			files = (
			);
			runOnlyForDeploymentPostprocessing = 0;
		};
/* End PBXResourcesBuildPhase section */

/* Begin PBXSourcesBuildPhase section */
		6DCB62FE2E9DA538006D0B62 /* Sources */ = {
			isa = PBXSourcesBuildPhase;
			buildActionMask = 2147483647;
			files = (
			);
			runOnlyForDeploymentPostprocessing = 0;
		};
		6DCB63142E9DA538006D0B62 /* Sources */ = {
			isa = PBXSourcesBuildPhase;
			buildActionMask = 2147483647;
			files = (
			);
			runOnlyForDeploymentPostprocessing = 0;
		};
		6DCB631E2E9DA538006D0B62 /* Sources */ = {
			isa = PBXSourcesBuildPhase;
			buildActionMask = 2147483647;
			files = (
			);
			runOnlyForDeploymentPostprocessing = 0;
		};
/* End PBXSourcesBuildPhase section */

/* Begin PBXTargetDependency section */
		6DCB631A2E9DA538006D0B62 /* PBXTargetDependency */ = {
			isa = PBXTargetDependency;
			target = 6DCB63012E9DA538006D0B62 /* CodeCoverage */;
			targetProxy = 6DCB63192E9DA538006D0B62 /* PBXContainerItemProxy */;
		};
		6DCB63242E9DA538006D0B62 /* PBXTargetDependency */ = {
			isa = PBXTargetDependency;
			target = 6DCB63012E9DA538006D0B62 /* CodeCoverage */;
			targetProxy = 6DCB63232E9DA538006D0B62 /* PBXContainerItemProxy */;
		};
/* End PBXTargetDependency section */

/* Begin XCBuildConfiguration section */
		6DCB632C2E9DA538006D0B62 /* Debug */ = {
			isa = XCBuildConfiguration;
			buildSettings = {
				ASSETCATALOG_COMPILER_APPICON_NAME = AppIcon;
				ASSETCATALOG_COMPILER_GLOBAL_ACCENT_COLOR_NAME = AccentColor;
				CODE_SIGN_STYLE = Automatic;
				CURRENT_PROJECT_VERSION = 1;
				DEVELOPMENT_TEAM = 2SA3MG4CCA;
				GENERATE_INFOPLIST_FILE = YES;
				INFOPLIST_FILE = CodeCoverage/Info.plist;
				INFOPLIST_KEY_UIApplicationSupportsIndirectInputEvents = YES;
				INFOPLIST_KEY_UILaunchStoryboardName = LaunchScreen;
				INFOPLIST_KEY_UIMainStoryboardFile = Main;
				INFOPLIST_KEY_UISupportedInterfaceOrientations_iPad = "UIInterfaceOrientationPortrait UIInterfaceOrientationPortraitUpsideDown UIInterfaceOrientationLandscapeLeft UIInterfaceOrientationLandscapeRight";
				INFOPLIST_KEY_UISupportedInterfaceOrientations_iPhone = "UIInterfaceOrientationPortrait UIInterfaceOrientationLandscapeLeft UIInterfaceOrientationLandscapeRight";
				LD_RUNPATH_SEARCH_PATHS = (
					"$(inherited)",
					"@executable_path/Frameworks",
				);
				MARKETING_VERSION = 1.0;
				PRODUCT_BUNDLE_IDENTIFIER = com.attallah.CodeCoverage;
				PRODUCT_NAME = "$(TARGET_NAME)";
				STRING_CATALOG_GENERATE_SYMBOLS = YES;
				SWIFT_APPROACHABLE_CONCURRENCY = YES;
				SWIFT_DEFAULT_ACTOR_ISOLATION = MainActor;
				SWIFT_EMIT_LOC_STRINGS = YES;
				SWIFT_UPCOMING_FEATURE_MEMBER_IMPORT_VISIBILITY = YES;
				SWIFT_VERSION = 5.0;
				TARGETED_DEVICE_FAMILY = "1,2";
			};
			name = Debug;
		};
		6DCB632D2E9DA538006D0B62 /* Release */ = {
			isa = XCBuildConfiguration;
			buildSettings = {
				ASSETCATALOG_COMPILER_APPICON_NAME = AppIcon;
				ASSETCATALOG_COMPILER_GLOBAL_ACCENT_COLOR_NAME = AccentColor;
				CODE_SIGN_STYLE = Automatic;
				CURRENT_PROJECT_VERSION = 1;
				DEVELOPMENT_TEAM = 2SA3MG4CCA;
				GENERATE_INFOPLIST_FILE = YES;
				INFOPLIST_FILE = CodeCoverage/Info.plist;
				INFOPLIST_KEY_UIApplicationSupportsIndirectInputEvents = YES;
				INFOPLIST_KEY_UILaunchStoryboardName = LaunchScreen;
				INFOPLIST_KEY_UIMainStoryboardFile = Main;
				INFOPLIST_KEY_UISupportedInterfaceOrientations_iPad = "UIInterfaceOrientationPortrait UIInterfaceOrientationPortraitUpsideDown UIInterfaceOrientationLandscapeLeft UIInterfaceOrientationLandscapeRight";
				INFOPLIST_KEY_UISupportedInterfaceOrientations_iPhone = "UIInterfaceOrientationPortrait UIInterfaceOrientationLandscapeLeft UIInterfaceOrientationLandscapeRight";
				LD_RUNPATH_SEARCH_PATHS = (
					"$(inherited)",
					"@executable_path/Frameworks",
				);
				MARKETING_VERSION = 1.0;
				PRODUCT_BUNDLE_IDENTIFIER = com.attallah.CodeCoverage;
				PRODUCT_NAME = "$(TARGET_NAME)";
				STRING_CATALOG_GENERATE_SYMBOLS = YES;
				SWIFT_APPROACHABLE_CONCURRENCY = YES;
				SWIFT_DEFAULT_ACTOR_ISOLATION = MainActor;
				SWIFT_EMIT_LOC_STRINGS = YES;
				SWIFT_UPCOMING_FEATURE_MEMBER_IMPORT_VISIBILITY = YES;
				SWIFT_VERSION = 5.0;
				TARGETED_DEVICE_FAMILY = "1,2";
			};
			name = Release;
		};
		6DCB632E2E9DA538006D0B62 /* Debug */ = {
			isa = XCBuildConfiguration;
			buildSettings = {
				ALWAYS_SEARCH_USER_PATHS = NO;
				ASSETCATALOG_COMPILER_GENERATE_SWIFT_ASSET_SYMBOL_EXTENSIONS = YES;
				CLANG_ANALYZER_NONNULL = YES;
				CLANG_ANALYZER_NUMBER_OBJECT_CONVERSION = YES_AGGRESSIVE;
				CLANG_CXX_LANGUAGE_STANDARD = "gnu++20";
				CLANG_ENABLE_MODULES = YES;
				CLANG_ENABLE_OBJC_ARC = YES;
				CLANG_ENABLE_OBJC_WEAK = YES;
				CLANG_WARN_BLOCK_CAPTURE_AUTORELEASING = YES;
				CLANG_WARN_BOOL_CONVERSION = YES;
				CLANG_WARN_COMMA = YES;
				CLANG_WARN_CONSTANT_CONVERSION = YES;
				CLANG_WARN_DEPRECATED_OBJC_IMPLEMENTATIONS = YES;
				CLANG_WARN_DIRECT_OBJC_ISA_USAGE = YES_ERROR;
				CLANG_WARN_DOCUMENTATION_COMMENTS = YES;
				CLANG_WARN_EMPTY_BODY = YES;
				CLANG_WARN_ENUM_CONVERSION = YES;
				CLANG_WARN_INFINITE_RECURSION = YES;
				CLANG_WARN_INT_CONVERSION = YES;
				CLANG_WARN_NON_LITERAL_NULL_CONVERSION = YES;
				CLANG_WARN_OBJC_IMPLICIT_RETAIN_SELF = YES;
				CLANG_WARN_OBJC_LITERAL_CONVERSION = YES;
				CLANG_WARN_OBJC_ROOT_CLASS = YES_ERROR;
				CLANG_WARN_QUOTED_INCLUDE_IN_FRAMEWORK_HEADER = YES;
				CLANG_WARN_RANGE_LOOP_ANALYSIS = YES;
				CLANG_WARN_STRICT_PROTOTYPES = YES;
				CLANG_WARN_SUSPICIOUS_MOVE = YES;
				CLANG_WARN_UNGUARDED_AVAILABILITY = YES_AGGRESSIVE;
				CLANG_WARN_UNREACHABLE_CODE = YES;
				CLANG_WARN__DUPLICATE_METHOD_MATCH = YES;
				COPY_PHASE_STRIP = NO;
				DEBUG_INFORMATION_FORMAT = dwarf;
				DEVELOPMENT_TEAM = 2SA3MG4CCA;
				ENABLE_STRICT_OBJC_MSGSEND = YES;
				ENABLE_TESTABILITY = YES;
				ENABLE_USER_SCRIPT_SANDBOXING = YES;
				GCC_C_LANGUAGE_STANDARD = gnu17;
				GCC_DYNAMIC_NO_PIC = NO;
				GCC_NO_COMMON_BLOCKS = YES;
				GCC_OPTIMIZATION_LEVEL = 0;
				GCC_PREPROCESSOR_DEFINITIONS = (
					"DEBUG=1",
					"$(inherited)",
				);
				GCC_WARN_64_TO_32_BIT_CONVERSION = YES;
				GCC_WARN_ABOUT_RETURN_TYPE = YES_ERROR;
				GCC_WARN_UNDECLARED_SELECTOR = YES;
				GCC_WARN_UNINITIALIZED_AUTOS = YES_AGGRESSIVE;
				GCC_WARN_UNUSED_FUNCTION = YES;
				GCC_WARN_UNUSED_VARIABLE = YES;
				IPHONEOS_DEPLOYMENT_TARGET = 26.0;
				LOCALIZATION_PREFERS_STRING_CATALOGS = YES;
				MTL_ENABLE_DEBUG_INFO = INCLUDE_SOURCE;
				MTL_FAST_MATH = YES;
				ONLY_ACTIVE_ARCH = YES;
				SDKROOT = iphoneos;
				SWIFT_ACTIVE_COMPILATION_CONDITIONS = "DEBUG $(inherited)";
				SWIFT_OPTIMIZATION_LEVEL = "-Onone";
			};
			name = Debug;
		};
		6DCB632F2E9DA538006D0B62 /* Release */ = {
			isa = XCBuildConfiguration;
			buildSettings = {
				ALWAYS_SEARCH_USER_PATHS = NO;
				ASSETCATALOG_COMPILER_GENERATE_SWIFT_ASSET_SYMBOL_EXTENSIONS = YES;
				CLANG_ANALYZER_NONNULL = YES;
				CLANG_ANALYZER_NUMBER_OBJECT_CONVERSION = YES_AGGRESSIVE;
				CLANG_CXX_LANGUAGE_STANDARD = "gnu++20";
				CLANG_ENABLE_MODULES = YES;
				CLANG_ENABLE_OBJC_ARC = YES;
				CLANG_ENABLE_OBJC_WEAK = YES;
				CLANG_WARN_BLOCK_CAPTURE_AUTORELEASING = YES;
				CLANG_WARN_BOOL_CONVERSION = YES;
				CLANG_WARN_COMMA = YES;
				CLANG_WARN_CONSTANT_CONVERSION = YES;
				CLANG_WARN_DEPRECATED_OBJC_IMPLEMENTATIONS = YES;
				CLANG_WARN_DIRECT_OBJC_ISA_USAGE = YES_ERROR;
				CLANG_WARN_DOCUMENTATION_COMMENTS = YES;
				CLANG_WARN_EMPTY_BODY = YES;
				CLANG_WARN_ENUM_CONVERSION = YES;
				CLANG_WARN_INFINITE_RECURSION = YES;
				CLANG_WARN_INT_CONVERSION = YES;
				CLANG_WARN_NON_LITERAL_NULL_CONVERSION = YES;
				CLANG_WARN_OBJC_IMPLICIT_RETAIN_SELF = YES;
				CLANG_WARN_OBJC_LITERAL_CONVERSION = YES;
				CLANG_WARN_OBJC_ROOT_CLASS = YES_ERROR;
				CLANG_WARN_QUOTED_INCLUDE_IN_FRAMEWORK_HEADER = YES;
				CLANG_WARN_RANGE_LOOP_ANALYSIS = YES;
				CLANG_WARN_STRICT_PROTOTYPES = YES;
				CLANG_WARN_SUSPICIOUS_MOVE = YES;
				CLANG_WARN_UNGUARDED_AVAILABILITY = YES_AGGRESSIVE;
				CLANG_WARN_UNREACHABLE_CODE = YES;
				CLANG_WARN__DUPLICATE_METHOD_MATCH = YES;
				COPY_PHASE_STRIP = NO;
				DEBUG_INFORMATION_FORMAT = "dwarf-with-dsym";
				DEVELOPMENT_TEAM = 2SA3MG4CCA;
				ENABLE_NS_ASSERTIONS = NO;
				ENABLE_STRICT_OBJC_MSGSEND = YES;
				ENABLE_USER_SCRIPT_SANDBOXING = YES;
				GCC_C_LANGUAGE_STANDARD = gnu17;
				GCC_NO_COMMON_BLOCKS = YES;
				GCC_WARN_64_TO_32_BIT_CONVERSION = YES;
				GCC_WARN_ABOUT_RETURN_TYPE = YES_ERROR;
				GCC_WARN_UNDECLARED_SELECTOR = YES;
				GCC_WARN_UNINITIALIZED_AUTOS = YES_AGGRESSIVE;
				GCC_WARN_UNUSED_FUNCTION = YES;
				GCC_WARN_UNUSED_VARIABLE = YES;
				IPHONEOS_DEPLOYMENT_TARGET = 26.0;
				LOCALIZATION_PREFERS_STRING_CATALOGS = YES;
				MTL_ENABLE_DEBUG_INFO = NO;
				MTL_FAST_MATH = YES;
				SDKROOT = iphoneos;
				SWIFT_COMPILATION_MODE = wholemodule;
				VALIDATE_PRODUCT = YES;
			};
			name = Release;
		};
		6DCB63312E9DA538006D0B62 /* Debug */ = {
			isa = XCBuildConfiguration;
			buildSettings = {
				BUNDLE_LOADER = "$(TEST_HOST)";
				CLANG_ENABLE_MODULES = YES;
				CODE_SIGN_STYLE = Automatic;
				CURRENT_PROJECT_VERSION = 1;
				DEVELOPMENT_TEAM = 2SA3MG4CCA;
				GENERATE_INFOPLIST_FILE = YES;
				IPHONEOS_DEPLOYMENT_TARGET = 26.0;
				MARKETING_VERSION = 1.0;
				PRODUCT_BUNDLE_IDENTIFIER = com.attallah.CodeCoverageTests;
				PRODUCT_NAME = "$(TARGET_NAME)";
				STRING_CATALOG_GENERATE_SYMBOLS = NO;
				SWIFT_APPROACHABLE_CONCURRENCY = YES;
				SWIFT_EMIT_LOC_STRINGS = NO;
				SWIFT_OPTIMIZATION_LEVEL = "-Onone";
				SWIFT_UPCOMING_FEATURE_MEMBER_IMPORT_VISIBILITY = YES;
				SWIFT_VERSION = 5.0;
				TARGETED_DEVICE_FAMILY = "1,2";
				TEST_HOST = "$(BUILT_PRODUCTS_DIR)/CodeCoverage.app/$(BUNDLE_EXECUTABLE_FOLDER_PATH)/CodeCoverage";
			};
			name = Debug;
		};
		6DCB63322E9DA538006D0B62 /* Release */ = {
			isa = XCBuildConfiguration;
			buildSettings = {
				BUNDLE_LOADER = "$(TEST_HOST)";
				CLANG_ENABLE_MODULES = YES;
				CODE_SIGN_STYLE = Automatic;
				CURRENT_PROJECT_VERSION = 1;
				DEVELOPMENT_TEAM = 2SA3MG4CCA;
				GENERATE_INFOPLIST_FILE = YES;
				IPHONEOS_DEPLOYMENT_TARGET = 26.0;
				MARKETING_VERSION = 1.0;
				PRODUCT_BUNDLE_IDENTIFIER = com.attallah.CodeCoverageTests;
				PRODUCT_NAME = "$(TARGET_NAME)";
				STRING_CATALOG_GENERATE_SYMBOLS = NO;
				SWIFT_APPROACHABLE_CONCURRENCY = YES;
				SWIFT_EMIT_LOC_STRINGS = NO;
				SWIFT_UPCOMING_FEATURE_MEMBER_IMPORT_VISIBILITY = YES;
				SWIFT_VERSION = 5.0;
				TARGETED_DEVICE_FAMILY = "1,2";
				TEST_HOST = "$(BUILT_PRODUCTS_DIR)/CodeCoverage.app/$(BUNDLE_EXECUTABLE_FOLDER_PATH)/CodeCoverage";
			};
			name = Release;
		};
		6DCB63342E9DA538006D0B62 /* Debug */ = {
			isa = XCBuildConfiguration;
			buildSettings = {
				CODE_SIGN_STYLE = Automatic;
				CURRENT_PROJECT_VERSION = 1;
				DEVELOPMENT_TEAM = 2SA3MG4CCA;
				GENERATE_INFOPLIST_FILE = YES;
				MARKETING_VERSION = 1.0;
				PRODUCT_BUNDLE_IDENTIFIER = com.attallah.CodeCoverageUITests;
				PRODUCT_NAME = "$(TARGET_NAME)";
				STRING_CATALOG_GENERATE_SYMBOLS = NO;
				SWIFT_APPROACHABLE_CONCURRENCY = YES;
				SWIFT_EMIT_LOC_STRINGS = NO;
				SWIFT_UPCOMING_FEATURE_MEMBER_IMPORT_VISIBILITY = YES;
				SWIFT_VERSION = 5.0;
				TARGETED_DEVICE_FAMILY = "1,2";
				TEST_TARGET_NAME = CodeCoverage;
			};
			name = Debug;
		};
		6DCB63352E9DA538006D0B62 /* Release */ = {
			isa = XCBuildConfiguration;
			buildSettings = {
				CODE_SIGN_STYLE = Automatic;
				CURRENT_PROJECT_VERSION = 1;
				DEVELOPMENT_TEAM = 2SA3MG4CCA;
				GENERATE_INFOPLIST_FILE = YES;
				MARKETING_VERSION = 1.0;
				PRODUCT_BUNDLE_IDENTIFIER = com.attallah.CodeCoverageUITests;
				PRODUCT_NAME = "$(TARGET_NAME)";
				STRING_CATALOG_GENERATE_SYMBOLS = NO;
				SWIFT_APPROACHABLE_CONCURRENCY = YES;
				SWIFT_EMIT_LOC_STRINGS = NO;
				SWIFT_UPCOMING_FEATURE_MEMBER_IMPORT_VISIBILITY = YES;
				SWIFT_VERSION = 5.0;
				TARGETED_DEVICE_FAMILY = "1,2";
				TEST_TARGET_NAME = CodeCoverage;
			};
			name = Release;
		};
/* End XCBuildConfiguration section */

/* Begin XCConfigurationList section */
		6DCB62FD2E9DA538006D0B62 /* Build configuration list for PBXProject "CodeCoverage" */ = {
			isa = XCConfigurationList;
			buildConfigurations = (
				6DCB632E2E9DA538006D0B62 /* Debug */,
				6DCB632F2E9DA538006D0B62 /* Release */,
			);
			defaultConfigurationIsVisible = 0;
			defaultConfigurationName = Release;
		};
		6DCB632B2E9DA538006D0B62 /* Build configuration list for PBXNativeTarget "CodeCoverage" */ = {
			isa = XCConfigurationList;
			buildConfigurations = (
				6DCB632C2E9DA538006D0B62 /* Debug */,
				6DCB632D2E9DA538006D0B62 /* Release */,
			);
			defaultConfigurationIsVisible = 0;
			defaultConfigurationName = Release;
		};
		6DCB63302E9DA538006D0B62 /* Build configuration list for PBXNativeTarget "CodeCoverageTests" */ = {
			isa = XCConfigurationList;
			buildConfigurations = (
				6DCB63312E9DA538006D0B62 /* Debug */,
				6DCB63322E9DA538006D0B62 /* Release */,
			);
			defaultConfigurationIsVisible = 0;
			defaultConfigurationName = Release;
		};
		6DCB63332E9DA538006D0B62 /* Build configuration list for PBXNativeTarget "CodeCoverageUITests" */ = {
			isa = XCConfigurationList;
			buildConfigurations = (
				6DCB63342E9DA538006D0B62 /* Debug */,
				6DCB63352E9DA538006D0B62 /* Release */,
			);
			defaultConfigurationIsVisible = 0;
			defaultConfigurationName = Release;
		};
/* End XCConfigurationList section */
	};
	rootObject = 6DCB62FA2E9DA538006D0B62 /* Project object */;
}
