// !$*UTF8*$!
{
	archiveVersion = 1;
	classes = {
	};
	objectVersion = 77;
	objects = {

/* Begin PBXContainerItemProxy section */
		6D8D87432EA7C8DD003194FC /* PBXContainerItemProxy */ = {
			isa = PBXContainerItemProxy;
			containerPortal = 6D8D87242EA7C8DC003194FC /* Project object */;
			proxyType = 1;
			remoteGlobalIDString = 6D8D872B2EA7C8DC003194FC;
			remoteInfo = AlertTests;
		};
		6D8D874D2EA7C8DD003194FC /* PBXContainerItemProxy */ = {
			isa = PBXContainerItemProxy;
			containerPortal = 6D8D87242EA7C8DC003194FC /* Project object */;
			proxyType = 1;
			remoteGlobalIDString = 6D8D872B2EA7C8DC003194FC;
			remoteInfo = AlertTests;
		};
/* End PBXContainerItemProxy section */

/* Begin PBXFileReference section */
		6D8D872C2EA7C8DC003194FC /* AlertTests.app */ = {isa = PBXFileReference; explicitFileType = wrapper.application; includeInIndex = 0; path = AlertTests.app; sourceTree = BUILT_PRODUCTS_DIR; };
		6D8D87422EA7C8DD003194FC /* AlertTestsTests.xctest */ = {isa = PBXFileReference; explicitFileType = wrapper.cfbundle; includeInIndex = 0; path = AlertTestsTests.xctest; sourceTree = BUILT_PRODUCTS_DIR; };
		6D8D874C2EA7C8DD003194FC /* AlertTestsUITests.xctest */ = {isa = PBXFileReference; explicitFileType = wrapper.cfbundle; includeInIndex = 0; path = AlertTestsUITests.xctest; sourceTree = BUILT_PRODUCTS_DIR; };
/* End PBXFileReference section */

/* Begin PBXFileSystemSynchronizedBuildFileExceptionSet section */
		6D8D87542EA7C8DD003194FC /* Exceptions for "AlertTests" folder in "AlertTests" target */ = {
			isa = PBXFileSystemSynchronizedBuildFileExceptionSet;
			membershipExceptions = (
				Info.plist,
			);
			target = 6D8D872B2EA7C8DC003194FC /* AlertTests */;
		};
/* End PBXFileSystemSynchronizedBuildFileExceptionSet section */

/* Begin PBXFileSystemSynchronizedRootGroup section */
		6D8D872E2EA7C8DC003194FC /* AlertTests */ = {
			isa = PBXFileSystemSynchronizedRootGroup;
			exceptions = (
				6D8D87542EA7C8DD003194FC /* Exceptions for "AlertTests" folder in "AlertTests" target */,
			);
			path = AlertTests;
			sourceTree = "<group>";
		};
		6D8D87452EA7C8DD003194FC /* AlertTestsTests */ = {
			isa = PBXFileSystemSynchronizedRootGroup;
			path = AlertTestsTests;
			sourceTree = "<group>";
		};
		6D8D874F2EA7C8DD003194FC /* AlertTestsUITests */ = {
			isa = PBXFileSystemSynchronizedRootGroup;
			path = AlertTestsUITests;
			sourceTree = "<group>";
		};
/* End PBXFileSystemSynchronizedRootGroup section */

/* Begin PBXFrameworksBuildPhase section */
		6D8D87292EA7C8DC003194FC /* Frameworks */ = {
			isa = PBXFrameworksBuildPhase;
			buildActionMask = 2147483647;
			files = (
			);
			runOnlyForDeploymentPostprocessing = 0;
		};
		6D8D873F2EA7C8DD003194FC /* Frameworks */ = {
			isa = PBXFrameworksBuildPhase;
			buildActionMask = 2147483647;
			files = (
			);
			runOnlyForDeploymentPostprocessing = 0;
		};
		6D8D87492EA7C8DD003194FC /* Frameworks */ = {
			isa = PBXFrameworksBuildPhase;
			buildActionMask = 2147483647;
			files = (
			);
			runOnlyForDeploymentPostprocessing = 0;
		};
/* End PBXFrameworksBuildPhase section */

/* Begin PBXGroup section */
		6D8D87232EA7C8DC003194FC = {
			isa = PBXGroup;
			children = (
				6D8D872E2EA7C8DC003194FC /* AlertTests */,
				6D8D87452EA7C8DD003194FC /* AlertTestsTests */,
				6D8D874F2EA7C8DD003194FC /* AlertTestsUITests */,
				6D8D872D2EA7C8DC003194FC /* Products */,
			);
			sourceTree = "<group>";
		};
		6D8D872D2EA7C8DC003194FC /* Products */ = {
			isa = PBXGroup;
			children = (
				6D8D872C2EA7C8DC003194FC /* AlertTests.app */,
				6D8D87422EA7C8DD003194FC /* AlertTestsTests.xctest */,
				6D8D874C2EA7C8DD003194FC /* AlertTestsUITests.xctest */,
			);
			name = Products;
			sourceTree = "<group>";
		};
/* End PBXGroup section */

/* Begin PBXNativeTarget section */
		6D8D872B2EA7C8DC003194FC /* AlertTests */ = {
			isa = PBXNativeTarget;
			buildConfigurationList = 6D8D87552EA7C8DD003194FC /* Build configuration list for PBXNativeTarget "AlertTests" */;
			buildPhases = (
				6D8D87282EA7C8DC003194FC /* Sources */,
				6D8D87292EA7C8DC003194FC /* Frameworks */,
				6D8D872A2EA7C8DC003194FC /* Resources */,
			);
			buildRules = (
			);
			dependencies = (
			);
			fileSystemSynchronizedGroups = (
				6D8D872E2EA7C8DC003194FC /* AlertTests */,
			);
			name = AlertTests;
			packageProductDependencies = (
			);
			productName = AlertTests;
			productReference = 6D8D872C2EA7C8DC003194FC /* AlertTests.app */;
			productType = "com.apple.product-type.application";
		};
		6D8D87412EA7C8DD003194FC /* AlertTestsTests */ = {
			isa = PBXNativeTarget;
			buildConfigurationList = 6D8D875A2EA7C8DD003194FC /* Build configuration list for PBXNativeTarget "AlertTestsTests" */;
			buildPhases = (
				6D8D873E2EA7C8DD003194FC /* Sources */,
				6D8D873F2EA7C8DD003194FC /* Frameworks */,
				6D8D87402EA7C8DD003194FC /* Resources */,
			);
			buildRules = (
			);
			dependencies = (
				6D8D87442EA7C8DD003194FC /* PBXTargetDependency */,
			);
			fileSystemSynchronizedGroups = (
				6D8D87452EA7C8DD003194FC /* AlertTestsTests */,
			);
			name = AlertTestsTests;
			packageProductDependencies = (
			);
			productName = AlertTestsTests;
			productReference = 6D8D87422EA7C8DD003194FC /* AlertTestsTests.xctest */;
			productType = "com.apple.product-type.bundle.unit-test";
		};
		6D8D874B2EA7C8DD003194FC /* AlertTestsUITests */ = {
			isa = PBXNativeTarget;
			buildConfigurationList = 6D8D875D2EA7C8DD003194FC /* Build configuration list for PBXNativeTarget "AlertTestsUITests" */;
			buildPhases = (
				6D8D87482EA7C8DD003194FC /* Sources */,
				6D8D87492EA7C8DD003194FC /* Frameworks */,
				6D8D874A2EA7C8DD003194FC /* Resources */,
			);
			buildRules = (
			);
			dependencies = (
				6D8D874E2EA7C8DD003194FC /* PBXTargetDependency */,
			);
			fileSystemSynchronizedGroups = (
				6D8D874F2EA7C8DD003194FC /* AlertTestsUITests */,
			);
			name = AlertTestsUITests;
			packageProductDependencies = (
			);
			productName = AlertTestsUITests;
			productReference = 6D8D874C2EA7C8DD003194FC /* AlertTestsUITests.xctest */;
			productType = "com.apple.product-type.bundle.ui-testing";
		};
/* End PBXNativeTarget section */

/* Begin PBXProject section */
		6D8D87242EA7C8DC003194FC /* Project object */ = {
			isa = PBXProject;
			attributes = {
				BuildIndependentTargetsInParallel = 1;
				LastSwiftUpdateCheck = 2600;
				LastUpgradeCheck = 2600;
				TargetAttributes = {
					6D8D872B2EA7C8DC003194FC = {
						CreatedOnToolsVersion = 26.0.1;
					};
					6D8D87412EA7C8DD003194FC = {
						CreatedOnToolsVersion = 26.0.1;
						TestTargetID = 6D8D872B2EA7C8DC003194FC;
					};
					6D8D874B2EA7C8DD003194FC = {
						CreatedOnToolsVersion = 26.0.1;
						TestTargetID = 6D8D872B2EA7C8DC003194FC;
					};
				};
			};
			buildConfigurationList = 6D8D87272EA7C8DC003194FC /* Build configuration list for PBXProject "AlertTests" */;
			developmentRegion = en;
			hasScannedForEncodings = 0;
			knownRegions = (
				en,
				Base,
			);
			mainGroup = 6D8D87232EA7C8DC003194FC;
			minimizedProjectReferenceProxies = 1;
			packageReferences = (
				6D3B99532EA912C40055E0C7 /* XCRemoteSwiftPackageReference "ViewControllerPresentationSpy" */,
			);
			preferredProjectObjectVersion = 77;
			productRefGroup = 6D8D872D2EA7C8DC003194FC /* Products */;
			projectDirPath = "";
			projectRoot = "";
			targets = (
				6D8D872B2EA7C8DC003194FC /* AlertTests */,
				6D8D87412EA7C8DD003194FC /* AlertTestsTests */,
				6D8D874B2EA7C8DD003194FC /* AlertTestsUITests */,
			);
		};
/* End PBXProject section */

/* Begin PBXResourcesBuildPhase section */
		6D8D872A2EA7C8DC003194FC /* Resources */ = {
			isa = PBXResourcesBuildPhase;
			buildActionMask = 2147483647;
			files = (
			);
			runOnlyForDeploymentPostprocessing = 0;
		};
		6D8D87402EA7C8DD003194FC /* Resources */ = {
			isa = PBXResourcesBuildPhase;
			buildActionMask = 2147483647;
			files = (
			);
			runOnlyForDeploymentPostprocessing = 0;
		};
		6D8D874A2EA7C8DD003194FC /* Resources */ = {
			isa = PBXResourcesBuildPhase;
			buildActionMask = 2147483647;
			files = (
			);
			runOnlyForDeploymentPostprocessing = 0;
		};
/* End PBXResourcesBuildPhase section */

/* Begin PBXSourcesBuildPhase section */
		6D8D87282EA7C8DC003194FC /* Sources */ = {
			isa = PBXSourcesBuildPhase;
			buildActionMask = 2147483647;
			files = (
			);
			runOnlyForDeploymentPostprocessing = 0;
		};
		6D8D873E2EA7C8DD003194FC /* Sources */ = {
			isa = PBXSourcesBuildPhase;
			buildActionMask = 2147483647;
			files = (
			);
			runOnlyForDeploymentPostprocessing = 0;
		};
		6D8D87482EA7C8DD003194FC /* Sources */ = {
			isa = PBXSourcesBuildPhase;
			buildActionMask = 2147483647;
			files = (
			);
			runOnlyForDeploymentPostprocessing = 0;
		};
/* End PBXSourcesBuildPhase section */

/* Begin PBXTargetDependency section */
		6D8D87442EA7C8DD003194FC /* PBXTargetDependency */ = {
			isa = PBXTargetDependency;
			target = 6D8D872B2EA7C8DC003194FC /* AlertTests */;
			targetProxy = 6D8D87432EA7C8DD003194FC /* PBXContainerItemProxy */;
		};
		6D8D874E2EA7C8DD003194FC /* PBXTargetDependency */ = {
			isa = PBXTargetDependency;
			target = 6D8D872B2EA7C8DC003194FC /* AlertTests */;
			targetProxy = 6D8D874D2EA7C8DD003194FC /* PBXContainerItemProxy */;
		};
/* End PBXTargetDependency section */

/* Begin XCBuildConfiguration section */
		6D8D87562EA7C8DD003194FC /* Debug */ = {
			isa = XCBuildConfiguration;
			buildSettings = {
				ASSETCATALOG_COMPILER_APPICON_NAME = AppIcon;
				ASSETCATALOG_COMPILER_GLOBAL_ACCENT_COLOR_NAME = AccentColor;
				CODE_SIGN_STYLE = Automatic;
				CURRENT_PROJECT_VERSION = 1;
				DEVELOPMENT_TEAM = 2SA3MG4CCA;
				GENERATE_INFOPLIST_FILE = YES;
				INFOPLIST_FILE = AlertTests/Info.plist;
				INFOPLIST_KEY_UIApplicationSupportsIndirectInputEvents = YES;
				INFOPLIST_KEY_UILaunchStoryboardName = LaunchScreen;
				INFOPLIST_KEY_UIMainStoryboardFile = Main;
				INFOPLIST_KEY_UISupportedInterfaceOrientations_iPad = "UIInterfaceOrientationPortrait UIInterfaceOrientationPortraitUpsideDown UIInterfaceOrientationLandscapeLeft UIInterfaceOrientationLandscapeRight";
				INFOPLIST_KEY_UISupportedInterfaceOrientations_iPhone = "UIInterfaceOrientationPortrait UIInterfaceOrientationLandscapeLeft UIInterfaceOrientationLandscapeRight";
				LD_RUNPATH_SEARCH_PATHS = (
					"$(inherited)",
					"@executable_path/Frameworks",
				);
				MARKETING_VERSION = 1.0;
				PRODUCT_BUNDLE_IDENTIFIER = com.attallah.AlertTests;
				PRODUCT_NAME = "$(TARGET_NAME)";
				STRING_CATALOG_GENERATE_SYMBOLS = YES;
				SWIFT_APPROACHABLE_CONCURRENCY = YES;
				SWIFT_DEFAULT_ACTOR_ISOLATION = MainActor;
				SWIFT_EMIT_LOC_STRINGS = YES;
				SWIFT_UPCOMING_FEATURE_MEMBER_IMPORT_VISIBILITY = YES;
				SWIFT_VERSION = 5.0;
				TARGETED_DEVICE_FAMILY = "1,2";
			};
			name = Debug;
		};
		6D8D87572EA7C8DD003194FC /* Release */ = {
			isa = XCBuildConfiguration;
			buildSettings = {
				ASSETCATALOG_COMPILER_APPICON_NAME = AppIcon;
				ASSETCATALOG_COMPILER_GLOBAL_ACCENT_COLOR_NAME = AccentColor;
				CODE_SIGN_STYLE = Automatic;
				CURRENT_PROJECT_VERSION = 1;
				DEVELOPMENT_TEAM = 2SA3MG4CCA;
				GENERATE_INFOPLIST_FILE = YES;
				INFOPLIST_FILE = AlertTests/Info.plist;
				INFOPLIST_KEY_UIApplicationSupportsIndirectInputEvents = YES;
				INFOPLIST_KEY_UILaunchStoryboardName = LaunchScreen;
				INFOPLIST_KEY_UIMainStoryboardFile = Main;
				INFOPLIST_KEY_UISupportedInterfaceOrientations_iPad = "UIInterfaceOrientationPortrait UIInterfaceOrientationPortraitUpsideDown UIInterfaceOrientationLandscapeLeft UIInterfaceOrientationLandscapeRight";
				INFOPLIST_KEY_UISupportedInterfaceOrientations_iPhone = "UIInterfaceOrientationPortrait UIInterfaceOrientationLandscapeLeft UIInterfaceOrientationLandscapeRight";
				LD_RUNPATH_SEARCH_PATHS = (
					"$(inherited)",
					"@executable_path/Frameworks",
				);
				MARKETING_VERSION = 1.0;
				PRODUCT_BUNDLE_IDENTIFIER = com.attallah.AlertTests;
				PRODUCT_NAME = "$(TARGET_NAME)";
				STRING_CATALOG_GENERATE_SYMBOLS = YES;
				SWIFT_APPROACHABLE_CONCURRENCY = YES;
				SWIFT_DEFAULT_ACTOR_ISOLATION = MainActor;
				SWIFT_EMIT_LOC_STRINGS = YES;
				SWIFT_UPCOMING_FEATURE_MEMBER_IMPORT_VISIBILITY = YES;
				SWIFT_VERSION = 5.0;
				TARGETED_DEVICE_FAMILY = "1,2";
			};
			name = Release;
		};
		6D8D87582EA7C8DD003194FC /* Debug */ = {
			isa = XCBuildConfiguration;
			buildSettings = {
				ALWAYS_SEARCH_USER_PATHS = NO;
				ASSETCATALOG_COMPILER_GENERATE_SWIFT_ASSET_SYMBOL_EXTENSIONS = YES;
				CLANG_ANALYZER_NONNULL = YES;
				CLANG_ANALYZER_NUMBER_OBJECT_CONVERSION = YES_AGGRESSIVE;
				CLANG_CXX_LANGUAGE_STANDARD = "gnu++20";
				CLANG_ENABLE_MODULES = YES;
				CLANG_ENABLE_OBJC_ARC = YES;
				CLANG_ENABLE_OBJC_WEAK = YES;
				CLANG_WARN_BLOCK_CAPTURE_AUTORELEASING = YES;
				CLANG_WARN_BOOL_CONVERSION = YES;
				CLANG_WARN_COMMA = YES;
				CLANG_WARN_CONSTANT_CONVERSION = YES;
				CLANG_WARN_DEPRECATED_OBJC_IMPLEMENTATIONS = YES;
				CLANG_WARN_DIRECT_OBJC_ISA_USAGE = YES_ERROR;
				CLANG_WARN_DOCUMENTATION_COMMENTS = YES;
				CLANG_WARN_EMPTY_BODY = YES;
				CLANG_WARN_ENUM_CONVERSION = YES;
				CLANG_WARN_INFINITE_RECURSION = YES;
				CLANG_WARN_INT_CONVERSION = YES;
				CLANG_WARN_NON_LITERAL_NULL_CONVERSION = YES;
				CLANG_WARN_OBJC_IMPLICIT_RETAIN_SELF = YES;
				CLANG_WARN_OBJC_LITERAL_CONVERSION = YES;
				CLANG_WARN_OBJC_ROOT_CLASS = YES_ERROR;
				CLANG_WARN_QUOTED_INCLUDE_IN_FRAMEWORK_HEADER = YES;
				CLANG_WARN_RANGE_LOOP_ANALYSIS = YES;
				CLANG_WARN_STRICT_PROTOTYPES = YES;
				CLANG_WARN_SUSPICIOUS_MOVE = YES;
				CLANG_WARN_UNGUARDED_AVAILABILITY = YES_AGGRESSIVE;
				CLANG_WARN_UNREACHABLE_CODE = YES;
				CLANG_WARN__DUPLICATE_METHOD_MATCH = YES;
				COPY_PHASE_STRIP = NO;
				DEBUG_INFORMATION_FORMAT = dwarf;
				DEVELOPMENT_TEAM = 2SA3MG4CCA;
				ENABLE_STRICT_OBJC_MSGSEND = YES;
				ENABLE_TESTABILITY = YES;
				ENABLE_USER_SCRIPT_SANDBOXING = YES;
				GCC_C_LANGUAGE_STANDARD = gnu17;
				GCC_DYNAMIC_NO_PIC = NO;
				GCC_NO_COMMON_BLOCKS = YES;
				GCC_OPTIMIZATION_LEVEL = 0;
				GCC_PREPROCESSOR_DEFINITIONS = (
					"DEBUG=1",
					"$(inherited)",
				);
				GCC_WARN_64_TO_32_BIT_CONVERSION = YES;
				GCC_WARN_ABOUT_RETURN_TYPE = YES_ERROR;
				GCC_WARN_UNDECLARED_SELECTOR = YES;
				GCC_WARN_UNINITIALIZED_AUTOS = YES_AGGRESSIVE;
				GCC_WARN_UNUSED_FUNCTION = YES;
				GCC_WARN_UNUSED_VARIABLE = YES;
				IPHONEOS_DEPLOYMENT_TARGET = 26.0;
				LOCALIZATION_PREFERS_STRING_CATALOGS = YES;
				MTL_ENABLE_DEBUG_INFO = INCLUDE_SOURCE;
				MTL_FAST_MATH = YES;
				ONLY_ACTIVE_ARCH = YES;
				SDKROOT = iphoneos;
				SWIFT_ACTIVE_COMPILATION_CONDITIONS = "DEBUG $(inherited)";
				SWIFT_OPTIMIZATION_LEVEL = "-Onone";
			};
			name = Debug;
		};
		6D8D87592EA7C8DD003194FC /* Release */ = {
			isa = XCBuildConfiguration;
			buildSettings = {
				ALWAYS_SEARCH_USER_PATHS = NO;
				ASSETCATALOG_COMPILER_GENERATE_SWIFT_ASSET_SYMBOL_EXTENSIONS = YES;
				CLANG_ANALYZER_NONNULL = YES;
				CLANG_ANALYZER_NUMBER_OBJECT_CONVERSION = YES_AGGRESSIVE;
				CLANG_CXX_LANGUAGE_STANDARD = "gnu++20";
				CLANG_ENABLE_MODULES = YES;
				CLANG_ENABLE_OBJC_ARC = YES;
				CLANG_ENABLE_OBJC_WEAK = YES;
				CLANG_WARN_BLOCK_CAPTURE_AUTORELEASING = YES;
				CLANG_WARN_BOOL_CONVERSION = YES;
				CLANG_WARN_COMMA = YES;
				CLANG_WARN_CONSTANT_CONVERSION = YES;
				CLANG_WARN_DEPRECATED_OBJC_IMPLEMENTATIONS = YES;
				CLANG_WARN_DIRECT_OBJC_ISA_USAGE = YES_ERROR;
				CLANG_WARN_DOCUMENTATION_COMMENTS = YES;
				CLANG_WARN_EMPTY_BODY = YES;
				CLANG_WARN_ENUM_CONVERSION = YES;
				CLANG_WARN_INFINITE_RECURSION = YES;
				CLANG_WARN_INT_CONVERSION = YES;
				CLANG_WARN_NON_LITERAL_NULL_CONVERSION = YES;
				CLANG_WARN_OBJC_IMPLICIT_RETAIN_SELF = YES;
				CLANG_WARN_OBJC_LITERAL_CONVERSION = YES;
				CLANG_WARN_OBJC_ROOT_CLASS = YES_ERROR;
				CLANG_WARN_QUOTED_INCLUDE_IN_FRAMEWORK_HEADER = YES;
				CLANG_WARN_RANGE_LOOP_ANALYSIS = YES;
				CLANG_WARN_STRICT_PROTOTYPES = YES;
				CLANG_WARN_SUSPICIOUS_MOVE = YES;
				CLANG_WARN_UNGUARDED_AVAILABILITY = YES_AGGRESSIVE;
				CLANG_WARN_UNREACHABLE_CODE = YES;
				CLANG_WARN__DUPLICATE_METHOD_MATCH = YES;
				COPY_PHASE_STRIP = NO;
				DEBUG_INFORMATION_FORMAT = "dwarf-with-dsym";
				DEVELOPMENT_TEAM = 2SA3MG4CCA;
				ENABLE_NS_ASSERTIONS = NO;
				ENABLE_STRICT_OBJC_MSGSEND = YES;
				ENABLE_USER_SCRIPT_SANDBOXING = YES;
				GCC_C_LANGUAGE_STANDARD = gnu17;
				GCC_NO_COMMON_BLOCKS = YES;
				GCC_WARN_64_TO_32_BIT_CONVERSION = YES;
				GCC_WARN_ABOUT_RETURN_TYPE = YES_ERROR;
				GCC_WARN_UNDECLARED_SELECTOR = YES;
				GCC_WARN_UNINITIALIZED_AUTOS = YES_AGGRESSIVE;
				GCC_WARN_UNUSED_FUNCTION = YES;
				GCC_WARN_UNUSED_VARIABLE = YES;
				IPHONEOS_DEPLOYMENT_TARGET = 26.0;
				LOCALIZATION_PREFERS_STRING_CATALOGS = YES;
				MTL_ENABLE_DEBUG_INFO = NO;
				MTL_FAST_MATH = YES;
				SDKROOT = iphoneos;
				SWIFT_COMPILATION_MODE = wholemodule;
				VALIDATE_PRODUCT = YES;
			};
			name = Release;
		};
		6D8D875B2EA7C8DD003194FC /* Debug */ = {
			isa = XCBuildConfiguration;
			buildSettings = {
				BUNDLE_LOADER = "$(TEST_HOST)";
				CODE_SIGN_STYLE = Automatic;
				CURRENT_PROJECT_VERSION = 1;
				DEVELOPMENT_TEAM = 2SA3MG4CCA;
				GENERATE_INFOPLIST_FILE = YES;
				IPHONEOS_DEPLOYMENT_TARGET = 26.0;
				MARKETING_VERSION = 1.0;
				PRODUCT_BUNDLE_IDENTIFIER = com.attallah.AlertTestsTests;
				PRODUCT_NAME = "$(TARGET_NAME)";
				STRING_CATALOG_GENERATE_SYMBOLS = NO;
				SWIFT_APPROACHABLE_CONCURRENCY = YES;
				SWIFT_EMIT_LOC_STRINGS = NO;
				SWIFT_UPCOMING_FEATURE_MEMBER_IMPORT_VISIBILITY = YES;
				SWIFT_VERSION = 5.0;
				TARGETED_DEVICE_FAMILY = "1,2";
				TEST_HOST = "$(BUILT_PRODUCTS_DIR)/AlertTests.app/$(BUNDLE_EXECUTABLE_FOLDER_PATH)/AlertTests";
			};
			name = Debug;
		};
		6D8D875C2EA7C8DD003194FC /* Release */ = {
			isa = XCBuildConfiguration;
			buildSettings = {
				BUNDLE_LOADER = "$(TEST_HOST)";
				CODE_SIGN_STYLE = Automatic;
				CURRENT_PROJECT_VERSION = 1;
				DEVELOPMENT_TEAM = 2SA3MG4CCA;
				GENERATE_INFOPLIST_FILE = YES;
				IPHONEOS_DEPLOYMENT_TARGET = 26.0;
				MARKETING_VERSION = 1.0;
				PRODUCT_BUNDLE_IDENTIFIER = com.attallah.AlertTestsTests;
				PRODUCT_NAME = "$(TARGET_NAME)";
				STRING_CATALOG_GENERATE_SYMBOLS = NO;
				SWIFT_APPROACHABLE_CONCURRENCY = YES;
				SWIFT_EMIT_LOC_STRINGS = NO;
				SWIFT_UPCOMING_FEATURE_MEMBER_IMPORT_VISIBILITY = YES;
				SWIFT_VERSION = 5.0;
				TARGETED_DEVICE_FAMILY = "1,2";
				TEST_HOST = "$(BUILT_PRODUCTS_DIR)/AlertTests.app/$(BUNDLE_EXECUTABLE_FOLDER_PATH)/AlertTests";
			};
			name = Release;
		};
		6D8D875E2EA7C8DD003194FC /* Debug */ = {
			isa = XCBuildConfiguration;
			buildSettings = {
				CODE_SIGN_STYLE = Automatic;
				CURRENT_PROJECT_VERSION = 1;
				DEVELOPMENT_TEAM = 2SA3MG4CCA;
				GENERATE_INFOPLIST_FILE = YES;
				MARKETING_VERSION = 1.0;
				PRODUCT_BUNDLE_IDENTIFIER = com.attallah.AlertTestsUITests;
				PRODUCT_NAME = "$(TARGET_NAME)";
				STRING_CATALOG_GENERATE_SYMBOLS = NO;
				SWIFT_APPROACHABLE_CONCURRENCY = YES;
				SWIFT_EMIT_LOC_STRINGS = NO;
				SWIFT_UPCOMING_FEATURE_MEMBER_IMPORT_VISIBILITY = YES;
				SWIFT_VERSION = 5.0;
				TARGETED_DEVICE_FAMILY = "1,2";
				TEST_TARGET_NAME = AlertTests;
			};
			name = Debug;
		};
		6D8D875F2EA7C8DD003194FC /* Release */ = {
			isa = XCBuildConfiguration;
			buildSettings = {
				CODE_SIGN_STYLE = Automatic;
				CURRENT_PROJECT_VERSION = 1;
				DEVELOPMENT_TEAM = 2SA3MG4CCA;
				GENERATE_INFOPLIST_FILE = YES;
				MARKETING_VERSION = 1.0;
				PRODUCT_BUNDLE_IDENTIFIER = com.attallah.AlertTestsUITests;
				PRODUCT_NAME = "$(TARGET_NAME)";
				STRING_CATALOG_GENERATE_SYMBOLS = NO;
				SWIFT_APPROACHABLE_CONCURRENCY = YES;
				SWIFT_EMIT_LOC_STRINGS = NO;
				SWIFT_UPCOMING_FEATURE_MEMBER_IMPORT_VISIBILITY = YES;
				SWIFT_VERSION = 5.0;
				TARGETED_DEVICE_FAMILY = "1,2";
				TEST_TARGET_NAME = AlertTests;
			};
			name = Release;
		};
/* End XCBuildConfiguration section */

/* Begin XCConfigurationList section */
		6D8D87272EA7C8DC003194FC /* Build configuration list for PBXProject "AlertTests" */ = {
			isa = XCConfigurationList;
			buildConfigurations = (
				6D8D87582EA7C8DD003194FC /* Debug */,
				6D8D87592EA7C8DD003194FC /* Release */,
			);
			defaultConfigurationIsVisible = 0;
			defaultConfigurationName = Release;
		};
		6D8D87552EA7C8DD003194FC /* Build configuration list for PBXNativeTarget "AlertTests" */ = {
			isa = XCConfigurationList;
			buildConfigurations = (
				6D8D87562EA7C8DD003194FC /* Debug */,
				6D8D87572EA7C8DD003194FC /* Release */,
			);
			defaultConfigurationIsVisible = 0;
			defaultConfigurationName = Release;
		};
		6D8D875A2EA7C8DD003194FC /* Build configuration list for PBXNativeTarget "AlertTestsTests" */ = {
			isa = XCConfigurationList;
			buildConfigurations = (
				6D8D875B2EA7C8DD003194FC /* Debug */,
				6D8D875C2EA7C8DD003194FC /* Release */,
			);
			defaultConfigurationIsVisible = 0;
			defaultConfigurationName = Release;
		};
		6D8D875D2EA7C8DD003194FC /* Build configuration list for PBXNativeTarget "AlertTestsUITests" */ = {
			isa = XCConfigurationList;
			buildConfigurations = (
				6D8D875E2EA7C8DD003194FC /* Debug */,
				6D8D875F2EA7C8DD003194FC /* Release */,
			);
			defaultConfigurationIsVisible = 0;
			defaultConfigurationName = Release;
		};
/* End XCConfigurationList section */

/* Begin XCRemoteSwiftPackageReference section */
		6D3B99532EA912C40055E0C7 /* XCRemoteSwiftPackageReference "ViewControllerPresentationSpy" */ = {
			isa = XCRemoteSwiftPackageReference;
			repositoryURL = "https://github.com/jonreid/ViewControllerPresentationSpy";
			requirement = {
				kind = upToNextMajorVersion;
				minimumVersion = 7.1.0;
			};
		};
/* End XCRemoteSwiftPackageReference section */
	};
	rootObject = 6D8D87242EA7C8DC003194FC /* Project object */;
}
