// !$*UTF8*$!
{
	archiveVersion = 1;
	classes = {
	};
	objectVersion = 77;
	objects = {

/* Begin PBXContainerItemProxy section */
		6D9D26982EA592B900184FCC /* PBXContainerItemProxy */ = {
			isa = PBXContainerItemProxy;
			containerPortal = 6D9D26792EA592B800184FCC /* Project object */;
			proxyType = 1;
			remoteGlobalIDString = 6D9D26802EA592B800184FCC;
			remoteInfo = OutletConnectionTests;
		};
		6D9D26A22EA592B900184FCC /* PBXContainerItemProxy */ = {
			isa = PBXContainerItemProxy;
			containerPortal = 6D9D26792EA592B800184FCC /* Project object */;
			proxyType = 1;
			remoteGlobalIDString = 6D9D26802EA592B800184FCC;
			remoteInfo = OutletConnectionTests;
		};
/* End PBXContainerItemProxy section */

/* Begin PBXFileReference section */
		6D9D26812EA592B800184FCC /* OutletConnectionTests.app */ = {isa = PBXFileReference; explicitFileType = wrapper.application; includeInIndex = 0; path = OutletConnectionTests.app; sourceTree = BUILT_PRODUCTS_DIR; };
		6D9D26972EA592B900184FCC /* OutletConnectionTestsTests.xctest */ = {isa = PBXFileReference; explicitFileType = wrapper.cfbundle; includeInIndex = 0; path = OutletConnectionTestsTests.xctest; sourceTree = BUILT_PRODUCTS_DIR; };
		6D9D26A12EA592B900184FCC /* OutletConnectionTestsUITests.xctest */ = {isa = PBXFileReference; explicitFileType = wrapper.cfbundle; includeInIndex = 0; path = OutletConnectionTestsUITests.xctest; sourceTree = BUILT_PRODUCTS_DIR; };
/* End PBXFileReference section */

/* Begin PBXFileSystemSynchronizedBuildFileExceptionSet section */
		6D9D26A92EA592B900184FCC /* Exceptions for "OutletConnectionTests" folder in "OutletConnectionTests" target */ = {
			isa = PBXFileSystemSynchronizedBuildFileExceptionSet;
			membershipExceptions = (
				Info.plist,
			);
			target = 6D9D26802EA592B800184FCC /* OutletConnectionTests */;
		};
/* End PBXFileSystemSynchronizedBuildFileExceptionSet section */

/* Begin PBXFileSystemSynchronizedRootGroup section */
		6D9D26832EA592B800184FCC /* OutletConnectionTests */ = {
			isa = PBXFileSystemSynchronizedRootGroup;
			exceptions = (
				6D9D26A92EA592B900184FCC /* Exceptions for "OutletConnectionTests" folder in "OutletConnectionTests" target */,
			);
			path = OutletConnectionTests;
			sourceTree = "<group>";
		};
		6D9D269A2EA592B900184FCC /* OutletConnectionTestsTests */ = {
			isa = PBXFileSystemSynchronizedRootGroup;
			path = OutletConnectionTestsTests;
			sourceTree = "<group>";
		};
		6D9D26A42EA592B900184FCC /* OutletConnectionTestsUITests */ = {
			isa = PBXFileSystemSynchronizedRootGroup;
			path = OutletConnectionTestsUITests;
			sourceTree = "<group>";
		};
/* End PBXFileSystemSynchronizedRootGroup section */

/* Begin PBXFrameworksBuildPhase section */
		6D9D267E2EA592B800184FCC /* Frameworks */ = {
			isa = PBXFrameworksBuildPhase;
			buildActionMask = 2147483647;
			files = (
			);
			runOnlyForDeploymentPostprocessing = 0;
		};
		6D9D26942EA592B900184FCC /* Frameworks */ = {
			isa = PBXFrameworksBuildPhase;
			buildActionMask = 2147483647;
			files = (
			);
			runOnlyForDeploymentPostprocessing = 0;
		};
		6D9D269E2EA592B900184FCC /* Frameworks */ = {
			isa = PBXFrameworksBuildPhase;
			buildActionMask = 2147483647;
			files = (
			);
			runOnlyForDeploymentPostprocessing = 0;
		};
/* End PBXFrameworksBuildPhase section */

/* Begin PBXGroup section */
		6D9D26782EA592B800184FCC = {
			isa = PBXGroup;
			children = (
				6D9D26832EA592B800184FCC /* OutletConnectionTests */,
				6D9D269A2EA592B900184FCC /* OutletConnectionTestsTests */,
				6D9D26A42EA592B900184FCC /* OutletConnectionTestsUITests */,
				6D9D26822EA592B800184FCC /* Products */,
			);
			sourceTree = "<group>";
		};
		6D9D26822EA592B800184FCC /* Products */ = {
			isa = PBXGroup;
			children = (
				6D9D26812EA592B800184FCC /* OutletConnectionTests.app */,
				6D9D26972EA592B900184FCC /* OutletConnectionTestsTests.xctest */,
				6D9D26A12EA592B900184FCC /* OutletConnectionTestsUITests.xctest */,
			);
			name = Products;
			sourceTree = "<group>";
		};
/* End PBXGroup section */

/* Begin PBXNativeTarget section */
		6D9D26802EA592B800184FCC /* OutletConnectionTests */ = {
			isa = PBXNativeTarget;
			buildConfigurationList = 6D9D26AA2EA592B900184FCC /* Build configuration list for PBXNativeTarget "OutletConnectionTests" */;
			buildPhases = (
				6D9D267D2EA592B800184FCC /* Sources */,
				6D9D267E2EA592B800184FCC /* Frameworks */,
				6D9D267F2EA592B800184FCC /* Resources */,
			);
			buildRules = (
			);
			dependencies = (
			);
			fileSystemSynchronizedGroups = (
				6D9D26832EA592B800184FCC /* OutletConnectionTests */,
			);
			name = OutletConnectionTests;
			packageProductDependencies = (
			);
			productName = OutletConnectionTests;
			productReference = 6D9D26812EA592B800184FCC /* OutletConnectionTests.app */;
			productType = "com.apple.product-type.application";
		};
		6D9D26962EA592B900184FCC /* OutletConnectionTestsTests */ = {
			isa = PBXNativeTarget;
			buildConfigurationList = 6D9D26AF2EA592B900184FCC /* Build configuration list for PBXNativeTarget "OutletConnectionTestsTests" */;
			buildPhases = (
				6D9D26932EA592B900184FCC /* Sources */,
				6D9D26942EA592B900184FCC /* Frameworks */,
				6D9D26952EA592B900184FCC /* Resources */,
			);
			buildRules = (
			);
			dependencies = (
				6D9D26992EA592B900184FCC /* PBXTargetDependency */,
			);
			fileSystemSynchronizedGroups = (
				6D9D269A2EA592B900184FCC /* OutletConnectionTestsTests */,
			);
			name = OutletConnectionTestsTests;
			packageProductDependencies = (
			);
			productName = OutletConnectionTestsTests;
			productReference = 6D9D26972EA592B900184FCC /* OutletConnectionTestsTests.xctest */;
			productType = "com.apple.product-type.bundle.unit-test";
		};
		6D9D26A02EA592B900184FCC /* OutletConnectionTestsUITests */ = {
			isa = PBXNativeTarget;
			buildConfigurationList = 6D9D26B22EA592B900184FCC /* Build configuration list for PBXNativeTarget "OutletConnectionTestsUITests" */;
			buildPhases = (
				6D9D269D2EA592B900184FCC /* Sources */,
				6D9D269E2EA592B900184FCC /* Frameworks */,
				6D9D269F2EA592B900184FCC /* Resources */,
			);
			buildRules = (
			);
			dependencies = (
				6D9D26A32EA592B900184FCC /* PBXTargetDependency */,
			);
			fileSystemSynchronizedGroups = (
				6D9D26A42EA592B900184FCC /* OutletConnectionTestsUITests */,
			);
			name = OutletConnectionTestsUITests;
			packageProductDependencies = (
			);
			productName = OutletConnectionTestsUITests;
			productReference = 6D9D26A12EA592B900184FCC /* OutletConnectionTestsUITests.xctest */;
			productType = "com.apple.product-type.bundle.ui-testing";
		};
/* End PBXNativeTarget section */

/* Begin PBXProject section */
		6D9D26792EA592B800184FCC /* Project object */ = {
			isa = PBXProject;
			attributes = {
				BuildIndependentTargetsInParallel = 1;
				LastSwiftUpdateCheck = 2600;
				LastUpgradeCheck = 2600;
				TargetAttributes = {
					6D9D26802EA592B800184FCC = {
						CreatedOnToolsVersion = 26.0.1;
					};
					6D9D26962EA592B900184FCC = {
						CreatedOnToolsVersion = 26.0.1;
						LastSwiftMigration = 2600;
						TestTargetID = 6D9D26802EA592B800184FCC;
					};
					6D9D26A02EA592B900184FCC = {
						CreatedOnToolsVersion = 26.0.1;
						TestTargetID = 6D9D26802EA592B800184FCC;
					};
				};
			};
			buildConfigurationList = 6D9D267C2EA592B800184FCC /* Build configuration list for PBXProject "OutletConnectionTests" */;
			developmentRegion = en;
			hasScannedForEncodings = 0;
			knownRegions = (
				en,
				Base,
			);
			mainGroup = 6D9D26782EA592B800184FCC;
			minimizedProjectReferenceProxies = 1;
			preferredProjectObjectVersion = 77;
			productRefGroup = 6D9D26822EA592B800184FCC /* Products */;
			projectDirPath = "";
			projectRoot = "";
			targets = (
				6D9D26802EA592B800184FCC /* OutletConnectionTests */,
				6D9D26962EA592B900184FCC /* OutletConnectionTestsTests */,
				6D9D26A02EA592B900184FCC /* OutletConnectionTestsUITests */,
			);
		};
/* End PBXProject section */

/* Begin PBXResourcesBuildPhase section */
		6D9D267F2EA592B800184FCC /* Resources */ = {
			isa = PBXResourcesBuildPhase;
			buildActionMask = 2147483647;
			files = (
			);
			runOnlyForDeploymentPostprocessing = 0;
		};
		6D9D26952EA592B900184FCC /* Resources */ = {
			isa = PBXResourcesBuildPhase;
			buildActionMask = 2147483647;
			files = (
			);
			runOnlyForDeploymentPostprocessing = 0;
		};
		6D9D269F2EA592B900184FCC /* Resources */ = {
			isa = PBXResourcesBuildPhase;
			buildActionMask = 2147483647;
			files = (
			);
			runOnlyForDeploymentPostprocessing = 0;
		};
/* End PBXResourcesBuildPhase section */

/* Begin PBXSourcesBuildPhase section */
		6D9D267D2EA592B800184FCC /* Sources */ = {
			isa = PBXSourcesBuildPhase;
			buildActionMask = 2147483647;
			files = (
			);
			runOnlyForDeploymentPostprocessing = 0;
		};
		6D9D26932EA592B900184FCC /* Sources */ = {
			isa = PBXSourcesBuildPhase;
			buildActionMask = 2147483647;
			files = (
			);
			runOnlyForDeploymentPostprocessing = 0;
		};
		6D9D269D2EA592B900184FCC /* Sources */ = {
			isa = PBXSourcesBuildPhase;
			buildActionMask = 2147483647;
			files = (
			);
			runOnlyForDeploymentPostprocessing = 0;
		};
/* End PBXSourcesBuildPhase section */

/* Begin PBXTargetDependency section */
		6D9D26992EA592B900184FCC /* PBXTargetDependency */ = {
			isa = PBXTargetDependency;
			target = 6D9D26802EA592B800184FCC /* OutletConnectionTests */;
			targetProxy = 6D9D26982EA592B900184FCC /* PBXContainerItemProxy */;
		};
		6D9D26A32EA592B900184FCC /* PBXTargetDependency */ = {
			isa = PBXTargetDependency;
			target = 6D9D26802EA592B800184FCC /* OutletConnectionTests */;
			targetProxy = 6D9D26A22EA592B900184FCC /* PBXContainerItemProxy */;
		};
/* End PBXTargetDependency section */

/* Begin XCBuildConfiguration section */
		6D9D26AB2EA592B900184FCC /* Debug */ = {
			isa = XCBuildConfiguration;
			buildSettings = {
				ASSETCATALOG_COMPILER_APPICON_NAME = AppIcon;
				ASSETCATALOG_COMPILER_GLOBAL_ACCENT_COLOR_NAME = AccentColor;
				CODE_SIGN_STYLE = Automatic;
				CURRENT_PROJECT_VERSION = 1;
				DEVELOPMENT_TEAM = 2SA3MG4CCA;
				GENERATE_INFOPLIST_FILE = YES;
				INFOPLIST_FILE = OutletConnectionTests/Info.plist;
				INFOPLIST_KEY_UIApplicationSupportsIndirectInputEvents = YES;
				INFOPLIST_KEY_UILaunchStoryboardName = LaunchScreen;
				INFOPLIST_KEY_UIMainStoryboardFile = Main;
				INFOPLIST_KEY_UISupportedInterfaceOrientations_iPad = "UIInterfaceOrientationPortrait UIInterfaceOrientationPortraitUpsideDown UIInterfaceOrientationLandscapeLeft UIInterfaceOrientationLandscapeRight";
				INFOPLIST_KEY_UISupportedInterfaceOrientations_iPhone = "UIInterfaceOrientationPortrait UIInterfaceOrientationLandscapeLeft UIInterfaceOrientationLandscapeRight";
				LD_RUNPATH_SEARCH_PATHS = (
					"$(inherited)",
					"@executable_path/Frameworks",
				);
				MARKETING_VERSION = 1.0;
				PRODUCT_BUNDLE_IDENTIFIER = com.attallah.OutletConnectionTests;
				PRODUCT_NAME = "$(TARGET_NAME)";
				STRING_CATALOG_GENERATE_SYMBOLS = YES;
				SWIFT_APPROACHABLE_CONCURRENCY = YES;
				SWIFT_DEFAULT_ACTOR_ISOLATION = MainActor;
				SWIFT_EMIT_LOC_STRINGS = YES;
				SWIFT_UPCOMING_FEATURE_MEMBER_IMPORT_VISIBILITY = YES;
				SWIFT_VERSION = 5.0;
				TARGETED_DEVICE_FAMILY = "1,2";
			};
			name = Debug;
		};
		6D9D26AC2EA592B900184FCC /* Release */ = {
			isa = XCBuildConfiguration;
			buildSettings = {
				ASSETCATALOG_COMPILER_APPICON_NAME = AppIcon;
				ASSETCATALOG_COMPILER_GLOBAL_ACCENT_COLOR_NAME = AccentColor;
				CODE_SIGN_STYLE = Automatic;
				CURRENT_PROJECT_VERSION = 1;
				DEVELOPMENT_TEAM = 2SA3MG4CCA;
				GENERATE_INFOPLIST_FILE = YES;
				INFOPLIST_FILE = OutletConnectionTests/Info.plist;
				INFOPLIST_KEY_UIApplicationSupportsIndirectInputEvents = YES;
				INFOPLIST_KEY_UILaunchStoryboardName = LaunchScreen;
				INFOPLIST_KEY_UIMainStoryboardFile = Main;
				INFOPLIST_KEY_UISupportedInterfaceOrientations_iPad = "UIInterfaceOrientationPortrait UIInterfaceOrientationPortraitUpsideDown UIInterfaceOrientationLandscapeLeft UIInterfaceOrientationLandscapeRight";
				INFOPLIST_KEY_UISupportedInterfaceOrientations_iPhone = "UIInterfaceOrientationPortrait UIInterfaceOrientationLandscapeLeft UIInterfaceOrientationLandscapeRight";
				LD_RUNPATH_SEARCH_PATHS = (
					"$(inherited)",
					"@executable_path/Frameworks",
				);
				MARKETING_VERSION = 1.0;
				PRODUCT_BUNDLE_IDENTIFIER = com.attallah.OutletConnectionTests;
				PRODUCT_NAME = "$(TARGET_NAME)";
				STRING_CATALOG_GENERATE_SYMBOLS = YES;
				SWIFT_APPROACHABLE_CONCURRENCY = YES;
				SWIFT_DEFAULT_ACTOR_ISOLATION = MainActor;
				SWIFT_EMIT_LOC_STRINGS = YES;
				SWIFT_UPCOMING_FEATURE_MEMBER_IMPORT_VISIBILITY = YES;
				SWIFT_VERSION = 5.0;
				TARGETED_DEVICE_FAMILY = "1,2";
			};
			name = Release;
		};
		6D9D26AD2EA592B900184FCC /* Debug */ = {
			isa = XCBuildConfiguration;
			buildSettings = {
				ALWAYS_SEARCH_USER_PATHS = NO;
				ASSETCATALOG_COMPILER_GENERATE_SWIFT_ASSET_SYMBOL_EXTENSIONS = YES;
				CLANG_ANALYZER_NONNULL = YES;
				CLANG_ANALYZER_NUMBER_OBJECT_CONVERSION = YES_AGGRESSIVE;
				CLANG_CXX_LANGUAGE_STANDARD = "gnu++20";
				CLANG_ENABLE_MODULES = YES;
				CLANG_ENABLE_OBJC_ARC = YES;
				CLANG_ENABLE_OBJC_WEAK = YES;
				CLANG_WARN_BLOCK_CAPTURE_AUTORELEASING = YES;
				CLANG_WARN_BOOL_CONVERSION = YES;
				CLANG_WARN_COMMA = YES;
				CLANG_WARN_CONSTANT_CONVERSION = YES;
				CLANG_WARN_DEPRECATED_OBJC_IMPLEMENTATIONS = YES;
				CLANG_WARN_DIRECT_OBJC_ISA_USAGE = YES_ERROR;
				CLANG_WARN_DOCUMENTATION_COMMENTS = YES;
				CLANG_WARN_EMPTY_BODY = YES;
				CLANG_WARN_ENUM_CONVERSION = YES;
				CLANG_WARN_INFINITE_RECURSION = YES;
				CLANG_WARN_INT_CONVERSION = YES;
				CLANG_WARN_NON_LITERAL_NULL_CONVERSION = YES;
				CLANG_WARN_OBJC_IMPLICIT_RETAIN_SELF = YES;
				CLANG_WARN_OBJC_LITERAL_CONVERSION = YES;
				CLANG_WARN_OBJC_ROOT_CLASS = YES_ERROR;
				CLANG_WARN_QUOTED_INCLUDE_IN_FRAMEWORK_HEADER = YES;
				CLANG_WARN_RANGE_LOOP_ANALYSIS = YES;
				CLANG_WARN_STRICT_PROTOTYPES = YES;
				CLANG_WARN_SUSPICIOUS_MOVE = YES;
				CLANG_WARN_UNGUARDED_AVAILABILITY = YES_AGGRESSIVE;
				CLANG_WARN_UNREACHABLE_CODE = YES;
				CLANG_WARN__DUPLICATE_METHOD_MATCH = YES;
				COPY_PHASE_STRIP = NO;
				DEBUG_INFORMATION_FORMAT = dwarf;
				DEVELOPMENT_TEAM = 2SA3MG4CCA;
				ENABLE_STRICT_OBJC_MSGSEND = YES;
				ENABLE_TESTABILITY = YES;
				ENABLE_USER_SCRIPT_SANDBOXING = YES;
				GCC_C_LANGUAGE_STANDARD = gnu17;
				GCC_DYNAMIC_NO_PIC = NO;
				GCC_NO_COMMON_BLOCKS = YES;
				GCC_OPTIMIZATION_LEVEL = 0;
				GCC_PREPROCESSOR_DEFINITIONS = (
					"DEBUG=1",
					"$(inherited)",
				);
				GCC_WARN_64_TO_32_BIT_CONVERSION = YES;
				GCC_WARN_ABOUT_RETURN_TYPE = YES_ERROR;
				GCC_WARN_UNDECLARED_SELECTOR = YES;
				GCC_WARN_UNINITIALIZED_AUTOS = YES_AGGRESSIVE;
				GCC_WARN_UNUSED_FUNCTION = YES;
				GCC_WARN_UNUSED_VARIABLE = YES;
				IPHONEOS_DEPLOYMENT_TARGET = 26.0;
				LOCALIZATION_PREFERS_STRING_CATALOGS = YES;
				MTL_ENABLE_DEBUG_INFO = INCLUDE_SOURCE;
				MTL_FAST_MATH = YES;
				ONLY_ACTIVE_ARCH = YES;
				SDKROOT = iphoneos;
				SWIFT_ACTIVE_COMPILATION_CONDITIONS = "DEBUG $(inherited)";
				SWIFT_OPTIMIZATION_LEVEL = "-Onone";
			};
			name = Debug;
		};
		6D9D26AE2EA592B900184FCC /* Release */ = {
			isa = XCBuildConfiguration;
			buildSettings = {
				ALWAYS_SEARCH_USER_PATHS = NO;
				ASSETCATALOG_COMPILER_GENERATE_SWIFT_ASSET_SYMBOL_EXTENSIONS = YES;
				CLANG_ANALYZER_NONNULL = YES;
				CLANG_ANALYZER_NUMBER_OBJECT_CONVERSION = YES_AGGRESSIVE;
				CLANG_CXX_LANGUAGE_STANDARD = "gnu++20";
				CLANG_ENABLE_MODULES = YES;
				CLANG_ENABLE_OBJC_ARC = YES;
				CLANG_ENABLE_OBJC_WEAK = YES;
				CLANG_WARN_BLOCK_CAPTURE_AUTORELEASING = YES;
				CLANG_WARN_BOOL_CONVERSION = YES;
				CLANG_WARN_COMMA = YES;
				CLANG_WARN_CONSTANT_CONVERSION = YES;
				CLANG_WARN_DEPRECATED_OBJC_IMPLEMENTATIONS = YES;
				CLANG_WARN_DIRECT_OBJC_ISA_USAGE = YES_ERROR;
				CLANG_WARN_DOCUMENTATION_COMMENTS = YES;
				CLANG_WARN_EMPTY_BODY = YES;
				CLANG_WARN_ENUM_CONVERSION = YES;
				CLANG_WARN_INFINITE_RECURSION = YES;
				CLANG_WARN_INT_CONVERSION = YES;
				CLANG_WARN_NON_LITERAL_NULL_CONVERSION = YES;
				CLANG_WARN_OBJC_IMPLICIT_RETAIN_SELF = YES;
				CLANG_WARN_OBJC_LITERAL_CONVERSION = YES;
				CLANG_WARN_OBJC_ROOT_CLASS = YES_ERROR;
				CLANG_WARN_QUOTED_INCLUDE_IN_FRAMEWORK_HEADER = YES;
				CLANG_WARN_RANGE_LOOP_ANALYSIS = YES;
				CLANG_WARN_STRICT_PROTOTYPES = YES;
				CLANG_WARN_SUSPICIOUS_MOVE = YES;
				CLANG_WARN_UNGUARDED_AVAILABILITY = YES_AGGRESSIVE;
				CLANG_WARN_UNREACHABLE_CODE = YES;
				CLANG_WARN__DUPLICATE_METHOD_MATCH = YES;
				COPY_PHASE_STRIP = NO;
				DEBUG_INFORMATION_FORMAT = "dwarf-with-dsym";
				DEVELOPMENT_TEAM = 2SA3MG4CCA;
				ENABLE_NS_ASSERTIONS = NO;
				ENABLE_STRICT_OBJC_MSGSEND = YES;
				ENABLE_USER_SCRIPT_SANDBOXING = YES;
				GCC_C_LANGUAGE_STANDARD = gnu17;
				GCC_NO_COMMON_BLOCKS = YES;
				GCC_WARN_64_TO_32_BIT_CONVERSION = YES;
				GCC_WARN_ABOUT_RETURN_TYPE = YES_ERROR;
				GCC_WARN_UNDECLARED_SELECTOR = YES;
				GCC_WARN_UNINITIALIZED_AUTOS = YES_AGGRESSIVE;
				GCC_WARN_UNUSED_FUNCTION = YES;
				GCC_WARN_UNUSED_VARIABLE = YES;
				IPHONEOS_DEPLOYMENT_TARGET = 26.0;
				LOCALIZATION_PREFERS_STRING_CATALOGS = YES;
				MTL_ENABLE_DEBUG_INFO = NO;
				MTL_FAST_MATH = YES;
				SDKROOT = iphoneos;
				SWIFT_COMPILATION_MODE = wholemodule;
				VALIDATE_PRODUCT = YES;
			};
			name = Release;
		};
		6D9D26B02EA592B900184FCC /* Debug */ = {
			isa = XCBuildConfiguration;
			buildSettings = {
				BUNDLE_LOADER = "$(TEST_HOST)";
				CLANG_ENABLE_MODULES = YES;
				CODE_SIGN_STYLE = Automatic;
				CURRENT_PROJECT_VERSION = 1;
				DEVELOPMENT_TEAM = 2SA3MG4CCA;
				GENERATE_INFOPLIST_FILE = YES;
				IPHONEOS_DEPLOYMENT_TARGET = 26.0;
				MARKETING_VERSION = 1.0;
				PRODUCT_BUNDLE_IDENTIFIER = com.attallah.OutletConnectionTestsTests;
				PRODUCT_NAME = "$(TARGET_NAME)";
				STRING_CATALOG_GENERATE_SYMBOLS = NO;
				SWIFT_APPROACHABLE_CONCURRENCY = YES;
				SWIFT_EMIT_LOC_STRINGS = NO;
				SWIFT_OPTIMIZATION_LEVEL = "-Onone";
				SWIFT_UPCOMING_FEATURE_MEMBER_IMPORT_VISIBILITY = YES;
				SWIFT_VERSION = 5.0;
				TARGETED_DEVICE_FAMILY = "1,2";
				TEST_HOST = "$(BUILT_PRODUCTS_DIR)/OutletConnectionTests.app/$(BUNDLE_EXECUTABLE_FOLDER_PATH)/OutletConnectionTests";
			};
			name = Debug;
		};
		6D9D26B12EA592B900184FCC /* Release */ = {
			isa = XCBuildConfiguration;
			buildSettings = {
				BUNDLE_LOADER = "$(TEST_HOST)";
				CLANG_ENABLE_MODULES = YES;
				CODE_SIGN_STYLE = Automatic;
				CURRENT_PROJECT_VERSION = 1;
				DEVELOPMENT_TEAM = 2SA3MG4CCA;
				GENERATE_INFOPLIST_FILE = YES;
				IPHONEOS_DEPLOYMENT_TARGET = 26.0;
				MARKETING_VERSION = 1.0;
				PRODUCT_BUNDLE_IDENTIFIER = com.attallah.OutletConnectionTestsTests;
				PRODUCT_NAME = "$(TARGET_NAME)";
				STRING_CATALOG_GENERATE_SYMBOLS = NO;
				SWIFT_APPROACHABLE_CONCURRENCY = YES;
				SWIFT_EMIT_LOC_STRINGS = NO;
				SWIFT_UPCOMING_FEATURE_MEMBER_IMPORT_VISIBILITY = YES;
				SWIFT_VERSION = 5.0;
				TARGETED_DEVICE_FAMILY = "1,2";
				TEST_HOST = "$(BUILT_PRODUCTS_DIR)/OutletConnectionTests.app/$(BUNDLE_EXECUTABLE_FOLDER_PATH)/OutletConnectionTests";
			};
			name = Release;
		};
		6D9D26B32EA592B900184FCC /* Debug */ = {
			isa = XCBuildConfiguration;
			buildSettings = {
				CODE_SIGN_STYLE = Automatic;
				CURRENT_PROJECT_VERSION = 1;
				DEVELOPMENT_TEAM = 2SA3MG4CCA;
				GENERATE_INFOPLIST_FILE = YES;
				MARKETING_VERSION = 1.0;
				PRODUCT_BUNDLE_IDENTIFIER = com.attallah.OutletConnectionTestsUITests;
				PRODUCT_NAME = "$(TARGET_NAME)";
				STRING_CATALOG_GENERATE_SYMBOLS = NO;
				SWIFT_APPROACHABLE_CONCURRENCY = YES;
				SWIFT_EMIT_LOC_STRINGS = NO;
				SWIFT_UPCOMING_FEATURE_MEMBER_IMPORT_VISIBILITY = YES;
				SWIFT_VERSION = 5.0;
				TARGETED_DEVICE_FAMILY = "1,2";
				TEST_TARGET_NAME = OutletConnectionTests;
			};
			name = Debug;
		};
		6D9D26B42EA592B900184FCC /* Release */ = {
			isa = XCBuildConfiguration;
			buildSettings = {
				CODE_SIGN_STYLE = Automatic;
				CURRENT_PROJECT_VERSION = 1;
				DEVELOPMENT_TEAM = 2SA3MG4CCA;
				GENERATE_INFOPLIST_FILE = YES;
				MARKETING_VERSION = 1.0;
				PRODUCT_BUNDLE_IDENTIFIER = com.attallah.OutletConnectionTestsUITests;
				PRODUCT_NAME = "$(TARGET_NAME)";
				STRING_CATALOG_GENERATE_SYMBOLS = NO;
				SWIFT_APPROACHABLE_CONCURRENCY = YES;
				SWIFT_EMIT_LOC_STRINGS = NO;
				SWIFT_UPCOMING_FEATURE_MEMBER_IMPORT_VISIBILITY = YES;
				SWIFT_VERSION = 5.0;
				TARGETED_DEVICE_FAMILY = "1,2";
				TEST_TARGET_NAME = OutletConnectionTests;
			};
			name = Release;
		};
/* End XCBuildConfiguration section */

/* Begin XCConfigurationList section */
		6D9D267C2EA592B800184FCC /* Build configuration list for PBXProject "OutletConnectionTests" */ = {
			isa = XCConfigurationList;
			buildConfigurations = (
				6D9D26AD2EA592B900184FCC /* Debug */,
				6D9D26AE2EA592B900184FCC /* Release */,
			);
			defaultConfigurationIsVisible = 0;
			defaultConfigurationName = Release;
		};
		6D9D26AA2EA592B900184FCC /* Build configuration list for PBXNativeTarget "OutletConnectionTests" */ = {
			isa = XCConfigurationList;
			buildConfigurations = (
				6D9D26AB2EA592B900184FCC /* Debug */,
				6D9D26AC2EA592B900184FCC /* Release */,
			);
			defaultConfigurationIsVisible = 0;
			defaultConfigurationName = Release;
		};
		6D9D26AF2EA592B900184FCC /* Build configuration list for PBXNativeTarget "OutletConnectionTestsTests" */ = {
			isa = XCConfigurationList;
			buildConfigurations = (
				6D9D26B02EA592B900184FCC /* Debug */,
				6D9D26B12EA592B900184FCC /* Release */,
			);
			defaultConfigurationIsVisible = 0;
			defaultConfigurationName = Release;
		};
		6D9D26B22EA592B900184FCC /* Build configuration list for PBXNativeTarget "OutletConnectionTestsUITests" */ = {
			isa = XCConfigurationList;
			buildConfigurations = (
				6D9D26B32EA592B900184FCC /* Debug */,
				6D9D26B42EA592B900184FCC /* Release */,
			);
			defaultConfigurationIsVisible = 0;
			defaultConfigurationName = Release;
		};
/* End XCConfigurationList section */
	};
	rootObject = 6D9D26792EA592B800184FCC /* Project object */;
}
